PODS:
  - AAShareBubbles (1.2.4)
  - AFNetworking (3.1.0):
    - AFNetworking/NSURLSession (= 3.1.0)
    - AFNetworking/Reachability (= 3.1.0)
    - AFNetworking/Security (= 3.1.0)
    - AFNetworking/Serialization (= 3.1.0)
    - AFNetworking/UIKit (= 3.1.0)
  - AFNetworking/NSURLSession (3.1.0):
    - AFNetworking/Reachability
    - AFNetworking/Security
    - AFNetworking/Serialization
  - AFNetworking/Reachability (3.1.0)
  - AFNetworking/Security (3.1.0)
  - AFNetworking/Serialization (3.1.0)
  - AFNetworking/UIKit (3.1.0):
    - AFNetworking/NSURLSession
  - BLKFlexibleHeightBar (1.0.2)
  - Bolts (1.7.0):
    - Bolts/AppLinks (= 1.7.0)
    - Bolts/Tasks (= 1.7.0)
  - Bolts/AppLinks (1.7.0):
    - Bolts/Tasks
  - Bolts/Tasks (1.7.0)
  - CSStickyHeaderFlowLayout (0.2.10)
  - DACircularProgress (2.3.1)
  - DCModalSegue (0.0.2)
  - FBSDKCoreKit (4.13.1):
    - Bolts (~> 1.7)
  - FBSDKLoginKit (4.13.1):
    - FBSDKCoreKit
  - Firebase/Analytics (3.2.1):
    - FirebaseAnalytics (= 3.2.0)
  - Firebase/Auth (3.2.1):
    - Firebase/Analytics (= 3.2.1)
    - FirebaseAuth (= 3.0.2)
  - Firebase/Database (3.2.1):
    - Firebase/Analytics (= 3.2.1)
    - FirebaseDatabase (= 3.0.1)
  - FirebaseAnalytics (3.2.0):
    - FirebaseInstanceID (~> 1.0)
    - GoogleInterchangeUtilities (~> 1.2)
    - GoogleSymbolUtilities (~> 1.1)
    - GoogleUtilities (~> 1.3)
  - FirebaseAuth (3.0.2):
    - FirebaseAnalytics (~> 3.2)
    - GoogleNetworkingUtilities (~> 1.2)
    - GoogleUtilities (~> 1.3)
  - FirebaseDatabase (3.0.1):
    - FirebaseAnalytics (~> 3.2)
  - FirebaseInstanceID (1.0.6)
  - FirebaseUI (0.4.0):
    - FirebaseUI/All (= 0.4.0)
  - FirebaseUI/All (0.4.0):
    - FirebaseUI/Auth
    - FirebaseUI/Database
  - FirebaseUI/Auth (0.4.0):
    - FirebaseUI/AuthBase
    - FirebaseUI/Facebook
    - FirebaseUI/Google
  - FirebaseUI/AuthBase (0.4.0):
    - Firebase/Analytics (~> 3.0)
    - Firebase/Auth (~> 3.0)
  - FirebaseUI/Database (0.4.0):
    - Firebase/Database (~> 3.0)
  - FirebaseUI/Facebook (0.4.0):
    - FBSDKLoginKit (~> 4.0)
    - FirebaseUI/AuthBase
  - FirebaseUI/Google (0.4.0):
    - FirebaseUI/AuthBase
    - GoogleSignIn (~> 4.0)
  - GoogleAppUtilities (1.1.1):
    - GoogleSymbolUtilities (~> 1.0)
  - GoogleAuthUtilities (2.0.1):
    - GoogleNetworkingUtilities (~> 1.0)
    - GoogleSymbolUtilities (~> 1.0)
  - GoogleInterchangeUtilities (1.2.1):
    - GoogleSymbolUtilities (~> 1.0)
  - GoogleNetworkingUtilities (1.2.1):
    - GoogleSymbolUtilities (~> 1.0)
  - GoogleSignIn (4.0.0):
    - GoogleAppUtilities (~> 1.1)
    - GoogleAuthUtilities (~> 2.0)
    - GoogleNetworkingUtilities (~> 1.2)
    - GoogleUtilities (~> 1.3)
  - GoogleSymbolUtilities (1.1.1)
  - GoogleUtilities (1.3.1):
    - GoogleSymbolUtilities (~> 1.0)
  - HexColors (4.0.0)
  - HSDatePickerViewController (1.0.4)
  - IDMPhotoBrowser (1.8.4):
    - DACircularProgress
    - pop
    - SDWebImage
  - IQKeyboardManager (4.0.3)
  - JTCalendar (1.2.3)
  - JVFloatLabeledTextField (1.1.0)
  - MBProgressHUD (0.9.2)
  - pop (1.0.9)
  - RMActionController (1.0.5)
  - RMDateSelectionViewController (2.0.3):
    - RMActionController (~> 1.0.5)
  - SCLAlertView-Objective-C (1.0.3)
  - SDWebImage (3.7.6):
    - SDWebImage/Core (= 3.7.6)
  - SDWebImage/Core (3.7.6)
  - ZFDragableModalTransition (0.6)

DEPENDENCIES:
  - AAShareBubbles
  - AFNetworking
  - BLKFlexibleHeightBar
  - CSStickyHeaderFlowLayout
  - DCModalSegue
  - Firebase/Auth
  - Firebase/Database
  - FirebaseUI
  - HexColors
  - HSDatePickerViewController
  - IDMPhotoBrowser
  - IQKeyboardManager
  - JTCalendar (~> 1.2.3)
  - JVFloatLabeledTextField
  - MBProgressHUD
  - pop
  - RMDateSelectionViewController (~> 2.0.1)
  - SCLAlertView-Objective-C
  - ZFDragableModalTransition

SPEC CHECKSUMS:
  AAShareBubbles: 53fd5064602fa041a2249dda6b26f7fdccca3093
  AFNetworking: 5e0e199f73d8626b11e79750991f5d173d1f8b67
  BLKFlexibleHeightBar: b27572a69633d8e33f1f2bbc486b04d8e86f742d
  Bolts: a0058fa3b331c5a1e4402d534f2dae36dbff31e4
  CSStickyHeaderFlowLayout: 5366582779d8b7c9ba9b9cc729c218cc23888776
  DACircularProgress: 4dd437c0fc3da5161cb289e07ac449493d41db71
  DCModalSegue: 68c79b992a87c72ca6ded9ae61722b073f5fcdd3
  FBSDKCoreKit: 2807fe0da2ddb49a1469da6d6ff597f99912980f
  FBSDKLoginKit: 6d350cb6a22d6956e9d078885de6ee8a0ebc51b4
  Firebase: 6c80ac28d59d06bfd9152a7b6ea17625ca93183d
  FirebaseAnalytics: 6f75b04e6bfb8e0b6e9ef298e04c24eea3b13863
  FirebaseAuth: 94b851fc345ce98036dfedfdc2eddeaef8fa3b4c
  FirebaseDatabase: 34301d11621a83546f39f670d256477ba6f7fcea
  FirebaseInstanceID: d014d574053a2fe84478f12f7bae96979e7051bb
  FirebaseUI: 691e0f500c762a4c8b5b6ed93c011e871ecd8aad
  GoogleAppUtilities: f1730f91f67767b453c289577040dd3f425ffdc7
  GoogleAuthUtilities: d7a19615cd7627688afcf181737f1011ee8b5a23
  GoogleInterchangeUtilities: def8415a862effc67d549d5b5b0b9c7a2f97d4de
  GoogleNetworkingUtilities: 3e83269048cfb498dc7ec83ab36813360965c74f
  GoogleSignIn: 09036ed61f8e75f1424100d63f7719480b2428c3
  GoogleSymbolUtilities: 33117db1b5f290c6fbf259585e4885b4c84b98d7
  GoogleUtilities: 56c5ac05b7aa5dc417a1bb85221a9516e04d7032
  HexColors: 5f95843ef89aff6a72e1fd3a8ebabf205cc43379
  HSDatePickerViewController: 5a72b71f8c3b10e76f2c28a898f8572b551432a6
  IDMPhotoBrowser: b574fe3229754e701f32df271afbc4ac7e4e1997
  IQKeyboardManager: be9695ffc5a52077deb4847608f338771022d6d1
  JTCalendar: 246ea3e338fb97624846ec77cdcde448242c4d5c
  JVFloatLabeledTextField: ea4a3d8387ddd43724c472bb2b8ab39b79af05d4
  MBProgressHUD: 1569cf7ace17a8bac47aabfbb8580a49690386d1
  pop: f667631a5108a2e60d9e8797c9b32ddaf2080bce
  RMActionController: b83653e7452ed51492094d65dc82151c36443c03
  RMDateSelectionViewController: 354a0f1fe40bac01054528b7a8735f2973bbd813
  SCLAlertView-Objective-C: e83376218b431109dc5403adc63f8e9787db7b74
  SDWebImage: c325cf02c30337336b95beff20a13df489ec0ec9
  ZFDragableModalTransition: 0d294eaaba6edfcb9839595de765f9ca06a4b524

PODFILE CHECKSUM: 67f80fb7d5c8b2330fb7d8ce7845f45acd9cedd1

COCOAPODS: 1.0.1
