// !$*UTF8*$!
{
	archiveVersion = 1;
	classes = {
	};
	objectVersion = 46;
	objects = {

/* Begin PBXBuildFile section */
		CC579CB11B18032700115705 /* detailViewController.m in Sources */ = {isa = PBXBuildFile; fileRef = CC579CB01B18032700115705 /* detailViewController.m */; };
		CC81CD0D1B1448A00039EA60 /* mapViewController.m in Sources */ = {isa = PBXBuildFile; fileRef = CC81CD0C1B1448A00039EA60 /* mapViewController.m */; };
		CC81CD101B1448FD0039EA60 /* MyLocation.m in Sources */ = {isa = PBXBuildFile; fileRef = CC81CD0F1B1448FD0039EA60 /* MyLocation.m */; };
		CC81CD121B14F43B0039EA60 /* MapKit.framework in Frameworks */ = {isa = PBXBuildFile; fileRef = CC81CD111B14F43B0039EA60 /* MapKit.framework */; };
		CC81CD151B1535330039EA60 /* KLCPopup.m in Sources */ = {isa = PBXBuildFile; fileRef = CC81CD141B1535330039EA60 /* KLCPopup.m */; };
		CC81CD191B1541E00039EA60 /* eventObject.m in Sources */ = {isa = PBXBuildFile; fileRef = CC81CD181B1541E00039EA60 /* eventObject.m */; };
		CCB59FEE1B2031E40050352D /* FacebookStyleViewController.m in Sources */ = {isa = PBXBuildFile; fileRef = CCB59FEB1B2031E40050352D /* FacebookStyleViewController.m */; };
		CCB59FEF1B2031E40050352D /* FacebookStyleBar.m in Sources */ = {isa = PBXBuildFile; fileRef = CCB59FED1B2031E40050352D /* FacebookStyleBar.m */; };
		CCB59FF11B20335F0050352D /* Close.png in Resources */ = {isa = PBXBuildFile; fileRef = CCB59FF01B20335F0050352D /* Close.png */; };
		CCB59FF51B20360A0050352D /* Plus.png in Resources */ = {isa = PBXBuildFile; fileRef = CCB59FF41B20360A0050352D /* Plus.png */; };
		CCB59FF81B20F4A90050352D /* userTableViewCell.m in Sources */ = {isa = PBXBuildFile; fileRef = CCB59FF71B20F4A90050352D /* userTableViewCell.m */; };
		CCB59FFC1B2119010050352D /* userTableViewController.m in Sources */ = {isa = PBXBuildFile; fileRef = CCB59FFB1B2119010050352D /* userTableViewController.m */; };
		CCC680D21B129A620007DD85 /* calendarController.m in Sources */ = {isa = PBXBuildFile; fileRef = CCC680D11B129A620007DD85 /* calendarController.m */; };
		CCC680DF1B129E320007DD85 /* Bolts.framework in Frameworks */ = {isa = PBXBuildFile; fileRef = CCC680D91B129E320007DD85 /* Bolts.framework */; };
		CCC680E01B129E320007DD85 /* Parse.framework in Frameworks */ = {isa = PBXBuildFile; fileRef = CCC680DA1B129E320007DD85 /* Parse.framework */; };
		CCC680E61B129FE70007DD85 /* ParseUI.framework in Frameworks */ = {isa = PBXBuildFile; fileRef = CCC680E51B129FE70007DD85 /* ParseUI.framework */; };
		CCC680E91B12CA430007DD85 /* eventsViewController.m in Sources */ = {isa = PBXBuildFile; fileRef = CCC680E81B12CA430007DD85 /* eventsViewController.m */; };
		CCDB3B621B12FC3200A68DCB /* eventViewCell.m in Sources */ = {isa = PBXBuildFile; fileRef = CCDB3B611B12FC3200A68DCB /* eventViewCell.m */; };
		CCDB3B6E1B13FFCC00A68DCB /* addEventTableViewController.m in Sources */ = {isa = PBXBuildFile; fileRef = CCDB3B6D1B13FFCC00A68DCB /* addEventTableViewController.m */; };
		CCDBB61D1B1924D4007C2E81 /* ParsingHandle.m in Sources */ = {isa = PBXBuildFile; fileRef = CCDBB61C1B1924D4007C2E81 /* ParsingHandle.m */; };
		CCE344191B1BB02B001FB58F /* calendarTableViewCell.m in Sources */ = {isa = PBXBuildFile; fileRef = CCE344181B1BB02B001FB58F /* calendarTableViewCell.m */; };
		CCE3441B1B1BB7FB001FB58F /* EventKit.framework in Frameworks */ = {isa = PBXBuildFile; fileRef = CCE3441A1B1BB7FB001FB58F /* EventKit.framework */; };
		CCE3441D1B1BB805001FB58F /* EventKitUI.framework in Frameworks */ = {isa = PBXBuildFile; fileRef = CCE3441C1B1BB805001FB58F /* EventKitUI.framework */; };
		CCF0A44F1B0BEEB8002F619B /* main.m in Sources */ = {isa = PBXBuildFile; fileRef = CCF0A44E1B0BEEB8002F619B /* main.m */; };
		CCF0A4521B0BEEB8002F619B /* AppDelegate.m in Sources */ = {isa = PBXBuildFile; fileRef = CCF0A4511B0BEEB8002F619B /* AppDelegate.m */; };
		CCF0A4581B0BEEB8002F619B /* Main.storyboard in Resources */ = {isa = PBXBuildFile; fileRef = CCF0A4561B0BEEB8002F619B /* Main.storyboard */; };
		CCF0A45A1B0BEEB8002F619B /* Images.xcassets in Resources */ = {isa = PBXBuildFile; fileRef = CCF0A4591B0BEEB8002F619B /* Images.xcassets */; };
		CCF0A45D1B0BEEB8002F619B /* LaunchScreen.xib in Resources */ = {isa = PBXBuildFile; fileRef = CCF0A45B1B0BEEB8002F619B /* LaunchScreen.xib */; };
		CCF0A4691B0BEEB8002F619B /* socialCalendarTests.m in Sources */ = {isa = PBXBuildFile; fileRef = CCF0A4681B0BEEB8002F619B /* socialCalendarTests.m */; };
		CCF0A4801B0BF176002F619B /* AudioToolbox.framework in Frameworks */ = {isa = PBXBuildFile; fileRef = CCF0A47F1B0BF176002F619B /* AudioToolbox.framework */; };
		CCF0A4821B0BF1C4002F619B /* Accounts.framework in Frameworks */ = {isa = PBXBuildFile; fileRef = CCF0A4811B0BF1C4002F619B /* Accounts.framework */; };
		CCF0A4841B0BF1CD002F619B /* CFNetwork.framework in Frameworks */ = {isa = PBXBuildFile; fileRef = CCF0A4831B0BF1CD002F619B /* CFNetwork.framework */; };
		CCF0A4861B0BF1D5002F619B /* CoreGraphics.framework in Frameworks */ = {isa = PBXBuildFile; fileRef = CCF0A4851B0BF1D5002F619B /* CoreGraphics.framework */; };
		CCF0A4881B0BF1DB002F619B /* CoreLocation.framework in Frameworks */ = {isa = PBXBuildFile; fileRef = CCF0A4871B0BF1DB002F619B /* CoreLocation.framework */; };
		CCF0A48A1B0BF1E4002F619B /* MobileCoreServices.framework in Frameworks */ = {isa = PBXBuildFile; fileRef = CCF0A4891B0BF1E4002F619B /* MobileCoreServices.framework */; };
		CCF0A48C1B0BF1E9002F619B /* QuartzCore.framework in Frameworks */ = {isa = PBXBuildFile; fileRef = CCF0A48B1B0BF1E9002F619B /* QuartzCore.framework */; };
		CCF0A48E1B0BF1F2002F619B /* Security.framework in Frameworks */ = {isa = PBXBuildFile; fileRef = CCF0A48D1B0BF1F2002F619B /* Security.framework */; };
		CCF0A4901B0BF1FD002F619B /* Social.framework in Frameworks */ = {isa = PBXBuildFile; fileRef = CCF0A48F1B0BF1FD002F619B /* Social.framework */; };
		CCF0A4941B0BF20C002F619B /* SystemConfiguration.framework in Frameworks */ = {isa = PBXBuildFile; fileRef = CCF0A4931B0BF20C002F619B /* SystemConfiguration.framework */; };
		CCF0A4961B0BF217002F619B /* libz.dylib in Frameworks */ = {isa = PBXBuildFile; fileRef = CCF0A4951B0BF217002F619B /* libz.dylib */; };
		CCF0A4981B0BF21F002F619B /* libsqlite3.dylib in Frameworks */ = {isa = PBXBuildFile; fileRef = CCF0A4971B0BF21F002F619B /* libsqlite3.dylib */; };
		D65661636D9610AC9C3A8E9C /* libPods-socialCalendar.a in Frameworks */ = {isa = PBXBuildFile; fileRef = E0EDD79DA0424417BCB1D051 /* libPods-socialCalendar.a */; };
/* End PBXBuildFile section */

/* Begin PBXContainerItemProxy section */
		CCF0A4631B0BEEB8002F619B /* PBXContainerItemProxy */ = {
			isa = PBXContainerItemProxy;
			containerPortal = CCF0A4411B0BEEB8002F619B /* Project object */;
			proxyType = 1;
			remoteGlobalIDString = CCF0A4481B0BEEB8002F619B;
			remoteInfo = socialCalendar;
		};
/* End PBXContainerItemProxy section */

/* Begin PBXFileReference section */
		008107CB8CF00338DC111110 /* Pods-socialCalendar.release.xcconfig */ = {isa = PBXFileReference; includeInIndex = 1; lastKnownFileType = text.xcconfig; name = "Pods-socialCalendar.release.xcconfig"; path = "Pods/Target Support Files/Pods-socialCalendar/Pods-socialCalendar.release.xcconfig"; sourceTree = "<group>"; };
		30F1B6E1F8520A242EE2DB5A /* Pods-socialCalendar.debug.xcconfig */ = {isa = PBXFileReference; includeInIndex = 1; lastKnownFileType = text.xcconfig; name = "Pods-socialCalendar.debug.xcconfig"; path = "Pods/Target Support Files/Pods-socialCalendar/Pods-socialCalendar.debug.xcconfig"; sourceTree = "<group>"; };
		CC579CAF1B18032700115705 /* detailViewController.h */ = {isa = PBXFileReference; fileEncoding = 4; lastKnownFileType = sourcecode.c.h; path = detailViewController.h; sourceTree = "<group>"; };
		CC579CB01B18032700115705 /* detailViewController.m */ = {isa = PBXFileReference; fileEncoding = 4; lastKnownFileType = sourcecode.c.objc; path = detailViewController.m; sourceTree = "<group>"; };
		CC81CD0B1B1448A00039EA60 /* mapViewController.h */ = {isa = PBXFileReference; fileEncoding = 4; lastKnownFileType = sourcecode.c.h; path = mapViewController.h; sourceTree = "<group>"; };
		CC81CD0C1B1448A00039EA60 /* mapViewController.m */ = {isa = PBXFileReference; fileEncoding = 4; lastKnownFileType = sourcecode.c.objc; path = mapViewController.m; sourceTree = "<group>"; };
		CC81CD0E1B1448FD0039EA60 /* MyLocation.h */ = {isa = PBXFileReference; fileEncoding = 4; lastKnownFileType = sourcecode.c.h; path = MyLocation.h; sourceTree = "<group>"; };
		CC81CD0F1B1448FD0039EA60 /* MyLocation.m */ = {isa = PBXFileReference; fileEncoding = 4; lastKnownFileType = sourcecode.c.objc; path = MyLocation.m; sourceTree = "<group>"; };
		CC81CD111B14F43B0039EA60 /* MapKit.framework */ = {isa = PBXFileReference; lastKnownFileType = wrapper.framework; name = MapKit.framework; path = System/Library/Frameworks/MapKit.framework; sourceTree = SDKROOT; };
		CC81CD131B1535330039EA60 /* KLCPopup.h */ = {isa = PBXFileReference; fileEncoding = 4; lastKnownFileType = sourcecode.c.h; path = KLCPopup.h; sourceTree = "<group>"; };
		CC81CD141B1535330039EA60 /* KLCPopup.m */ = {isa = PBXFileReference; fileEncoding = 4; lastKnownFileType = sourcecode.c.objc; path = KLCPopup.m; sourceTree = "<group>"; };
		CC81CD171B1541E00039EA60 /* eventObject.h */ = {isa = PBXFileReference; fileEncoding = 4; lastKnownFileType = sourcecode.c.h; path = eventObject.h; sourceTree = "<group>"; };
		CC81CD181B1541E00039EA60 /* eventObject.m */ = {isa = PBXFileReference; fileEncoding = 4; lastKnownFileType = sourcecode.c.objc; path = eventObject.m; sourceTree = "<group>"; };
		CCB59FEA1B2031E40050352D /* FacebookStyleViewController.h */ = {isa = PBXFileReference; fileEncoding = 4; lastKnownFileType = sourcecode.c.h; path = FacebookStyleViewController.h; sourceTree = "<group>"; };
		CCB59FEB1B2031E40050352D /* FacebookStyleViewController.m */ = {isa = PBXFileReference; fileEncoding = 4; lastKnownFileType = sourcecode.c.objc; path = FacebookStyleViewController.m; sourceTree = "<group>"; };
		CCB59FEC1B2031E40050352D /* FacebookStyleBar.h */ = {isa = PBXFileReference; fileEncoding = 4; lastKnownFileType = sourcecode.c.h; path = FacebookStyleBar.h; sourceTree = "<group>"; };
		CCB59FED1B2031E40050352D /* FacebookStyleBar.m */ = {isa = PBXFileReference; fileEncoding = 4; lastKnownFileType = sourcecode.c.objc; path = FacebookStyleBar.m; sourceTree = "<group>"; };
		CCB59FF01B20335F0050352D /* Close.png */ = {isa = PBXFileReference; lastKnownFileType = image.png; path = Close.png; sourceTree = "<group>"; };
		CCB59FF41B20360A0050352D /* Plus.png */ = {isa = PBXFileReference; lastKnownFileType = image.png; path = Plus.png; sourceTree = "<group>"; };
		CCB59FF61B20F4A90050352D /* userTableViewCell.h */ = {isa = PBXFileReference; fileEncoding = 4; lastKnownFileType = sourcecode.c.h; path = userTableViewCell.h; sourceTree = "<group>"; };
		CCB59FF71B20F4A90050352D /* userTableViewCell.m */ = {isa = PBXFileReference; fileEncoding = 4; lastKnownFileType = sourcecode.c.objc; path = userTableViewCell.m; sourceTree = "<group>"; };
		CCB59FFA1B2119010050352D /* userTableViewController.h */ = {isa = PBXFileReference; fileEncoding = 4; lastKnownFileType = sourcecode.c.h; path = userTableViewController.h; sourceTree = "<group>"; };
		CCB59FFB1B2119010050352D /* userTableViewController.m */ = {isa = PBXFileReference; fileEncoding = 4; lastKnownFileType = sourcecode.c.objc; path = userTableViewController.m; sourceTree = "<group>"; };
		CCC680D01B129A620007DD85 /* calendarController.h */ = {isa = PBXFileReference; fileEncoding = 4; lastKnownFileType = sourcecode.c.h; path = calendarController.h; sourceTree = "<group>"; };
		CCC680D11B129A620007DD85 /* calendarController.m */ = {isa = PBXFileReference; fileEncoding = 4; lastKnownFileType = sourcecode.c.objc; path = calendarController.m; sourceTree = "<group>"; };
		CCC680D91B129E320007DD85 /* Bolts.framework */ = {isa = PBXFileReference; lastKnownFileType = wrapper.framework; path = Bolts.framework; sourceTree = "<group>"; };
		CCC680DA1B129E320007DD85 /* Parse.framework */ = {isa = PBXFileReference; lastKnownFileType = wrapper.framework; path = Parse.framework; sourceTree = "<group>"; };
		CCC680E51B129FE70007DD85 /* ParseUI.framework */ = {isa = PBXFileReference; lastKnownFileType = wrapper.framework; path = ParseUI.framework; sourceTree = "<group>"; };
		CCC680E71B12CA430007DD85 /* eventsViewController.h */ = {isa = PBXFileReference; fileEncoding = 4; lastKnownFileType = sourcecode.c.h; path = eventsViewController.h; sourceTree = "<group>"; };
		CCC680E81B12CA430007DD85 /* eventsViewController.m */ = {isa = PBXFileReference; fileEncoding = 4; lastKnownFileType = sourcecode.c.objc; path = eventsViewController.m; sourceTree = "<group>"; };
		CCDB3B601B12FC3200A68DCB /* eventViewCell.h */ = {isa = PBXFileReference; fileEncoding = 4; lastKnownFileType = sourcecode.c.h; path = eventViewCell.h; sourceTree = "<group>"; };
		CCDB3B611B12FC3200A68DCB /* eventViewCell.m */ = {isa = PBXFileReference; fileEncoding = 4; lastKnownFileType = sourcecode.c.objc; path = eventViewCell.m; sourceTree = "<group>"; };
		CCDB3B6C1B13FFCC00A68DCB /* addEventTableViewController.h */ = {isa = PBXFileReference; fileEncoding = 4; lastKnownFileType = sourcecode.c.h; path = addEventTableViewController.h; sourceTree = "<group>"; };
		CCDB3B6D1B13FFCC00A68DCB /* addEventTableViewController.m */ = {isa = PBXFileReference; fileEncoding = 4; lastKnownFileType = sourcecode.c.objc; path = addEventTableViewController.m; sourceTree = "<group>"; };
		CCDBB61B1B1924D4007C2E81 /* ParsingHandle.h */ = {isa = PBXFileReference; fileEncoding = 4; lastKnownFileType = sourcecode.c.h; path = ParsingHandle.h; sourceTree = "<group>"; };
		CCDBB61C1B1924D4007C2E81 /* ParsingHandle.m */ = {isa = PBXFileReference; fileEncoding = 4; lastKnownFileType = sourcecode.c.objc; path = ParsingHandle.m; sourceTree = "<group>"; };
		CCE344171B1BB02B001FB58F /* calendarTableViewCell.h */ = {isa = PBXFileReference; fileEncoding = 4; lastKnownFileType = sourcecode.c.h; path = calendarTableViewCell.h; sourceTree = "<group>"; };
		CCE344181B1BB02B001FB58F /* calendarTableViewCell.m */ = {isa = PBXFileReference; fileEncoding = 4; lastKnownFileType = sourcecode.c.objc; path = calendarTableViewCell.m; sourceTree = "<group>"; };
		CCE3441A1B1BB7FB001FB58F /* EventKit.framework */ = {isa = PBXFileReference; lastKnownFileType = wrapper.framework; name = EventKit.framework; path = System/Library/Frameworks/EventKit.framework; sourceTree = SDKROOT; };
		CCE3441C1B1BB805001FB58F /* EventKitUI.framework */ = {isa = PBXFileReference; lastKnownFileType = wrapper.framework; name = EventKitUI.framework; path = System/Library/Frameworks/EventKitUI.framework; sourceTree = SDKROOT; };
		CCF0A4491B0BEEB8002F619B /* socialCalendar.app */ = {isa = PBXFileReference; explicitFileType = wrapper.application; includeInIndex = 0; path = socialCalendar.app; sourceTree = BUILT_PRODUCTS_DIR; };
		CCF0A44D1B0BEEB8002F619B /* Info.plist */ = {isa = PBXFileReference; lastKnownFileType = text.plist.xml; path = Info.plist; sourceTree = "<group>"; };
		CCF0A44E1B0BEEB8002F619B /* main.m */ = {isa = PBXFileReference; lastKnownFileType = sourcecode.c.objc; path = main.m; sourceTree = "<group>"; };
		CCF0A4501B0BEEB8002F619B /* AppDelegate.h */ = {isa = PBXFileReference; lastKnownFileType = sourcecode.c.h; path = AppDelegate.h; sourceTree = "<group>"; };
		CCF0A4511B0BEEB8002F619B /* AppDelegate.m */ = {isa = PBXFileReference; lastKnownFileType = sourcecode.c.objc; path = AppDelegate.m; sourceTree = "<group>"; };
		CCF0A4571B0BEEB8002F619B /* Base */ = {isa = PBXFileReference; lastKnownFileType = file.storyboard; name = Base; path = Base.lproj/Main.storyboard; sourceTree = "<group>"; };
		CCF0A4591B0BEEB8002F619B /* Images.xcassets */ = {isa = PBXFileReference; lastKnownFileType = folder.assetcatalog; path = Images.xcassets; sourceTree = "<group>"; };
		CCF0A45C1B0BEEB8002F619B /* Base */ = {isa = PBXFileReference; lastKnownFileType = file.xib; name = Base; path = Base.lproj/LaunchScreen.xib; sourceTree = "<group>"; };
		CCF0A4621B0BEEB8002F619B /* socialCalendarTests.xctest */ = {isa = PBXFileReference; explicitFileType = wrapper.cfbundle; includeInIndex = 0; path = socialCalendarTests.xctest; sourceTree = BUILT_PRODUCTS_DIR; };
		CCF0A4671B0BEEB8002F619B /* Info.plist */ = {isa = PBXFileReference; lastKnownFileType = text.plist.xml; path = Info.plist; sourceTree = "<group>"; };
		CCF0A4681B0BEEB8002F619B /* socialCalendarTests.m */ = {isa = PBXFileReference; lastKnownFileType = sourcecode.c.objc; path = socialCalendarTests.m; sourceTree = "<group>"; };
		CCF0A47F1B0BF176002F619B /* AudioToolbox.framework */ = {isa = PBXFileReference; lastKnownFileType = wrapper.framework; name = AudioToolbox.framework; path = System/Library/Frameworks/AudioToolbox.framework; sourceTree = SDKROOT; };
		CCF0A4811B0BF1C4002F619B /* Accounts.framework */ = {isa = PBXFileReference; lastKnownFileType = wrapper.framework; name = Accounts.framework; path = System/Library/Frameworks/Accounts.framework; sourceTree = SDKROOT; };
		CCF0A4831B0BF1CD002F619B /* CFNetwork.framework */ = {isa = PBXFileReference; lastKnownFileType = wrapper.framework; name = CFNetwork.framework; path = System/Library/Frameworks/CFNetwork.framework; sourceTree = SDKROOT; };
		CCF0A4851B0BF1D5002F619B /* CoreGraphics.framework */ = {isa = PBXFileReference; lastKnownFileType = wrapper.framework; name = CoreGraphics.framework; path = System/Library/Frameworks/CoreGraphics.framework; sourceTree = SDKROOT; };
		CCF0A4871B0BF1DB002F619B /* CoreLocation.framework */ = {isa = PBXFileReference; lastKnownFileType = wrapper.framework; name = CoreLocation.framework; path = System/Library/Frameworks/CoreLocation.framework; sourceTree = SDKROOT; };
		CCF0A4891B0BF1E4002F619B /* MobileCoreServices.framework */ = {isa = PBXFileReference; lastKnownFileType = wrapper.framework; name = MobileCoreServices.framework; path = System/Library/Frameworks/MobileCoreServices.framework; sourceTree = SDKROOT; };
		CCF0A48B1B0BF1E9002F619B /* QuartzCore.framework */ = {isa = PBXFileReference; lastKnownFileType = wrapper.framework; name = QuartzCore.framework; path = System/Library/Frameworks/QuartzCore.framework; sourceTree = SDKROOT; };
		CCF0A48D1B0BF1F2002F619B /* Security.framework */ = {isa = PBXFileReference; lastKnownFileType = wrapper.framework; name = Security.framework; path = System/Library/Frameworks/Security.framework; sourceTree = SDKROOT; };
		CCF0A48F1B0BF1FD002F619B /* Social.framework */ = {isa = PBXFileReference; lastKnownFileType = wrapper.framework; name = Social.framework; path = System/Library/Frameworks/Social.framework; sourceTree = SDKROOT; };
		CCF0A4931B0BF20C002F619B /* SystemConfiguration.framework */ = {isa = PBXFileReference; lastKnownFileType = wrapper.framework; name = SystemConfiguration.framework; path = System/Library/Frameworks/SystemConfiguration.framework; sourceTree = SDKROOT; };
		CCF0A4951B0BF217002F619B /* libz.dylib */ = {isa = PBXFileReference; lastKnownFileType = "compiled.mach-o.dylib"; name = libz.dylib; path = usr/lib/libz.dylib; sourceTree = SDKROOT; };
		CCF0A4971B0BF21F002F619B /* libsqlite3.dylib */ = {isa = PBXFileReference; lastKnownFileType = "compiled.mach-o.dylib"; name = libsqlite3.dylib; path = usr/lib/libsqlite3.dylib; sourceTree = SDKROOT; };
		CCF0A4991B0BF3F8002F619B /* PrefixHeader.pch */ = {isa = PBXFileReference; fileEncoding = 4; lastKnownFileType = sourcecode.c.h; path = PrefixHeader.pch; sourceTree = "<group>"; };
		E0EDD79DA0424417BCB1D051 /* libPods-socialCalendar.a */ = {isa = PBXFileReference; explicitFileType = archive.ar; includeInIndex = 0; path = "libPods-socialCalendar.a"; sourceTree = BUILT_PRODUCTS_DIR; };
/* End PBXFileReference section */

/* Begin PBXFrameworksBuildPhase section */
		CCF0A4461B0BEEB8002F619B /* Frameworks */ = {
			isa = PBXFrameworksBuildPhase;
			buildActionMask = 2147483647;
			files = (
				CCE3441D1B1BB805001FB58F /* EventKitUI.framework in Frameworks */,
				CCE3441B1B1BB7FB001FB58F /* EventKit.framework in Frameworks */,
				CCC680DF1B129E320007DD85 /* Bolts.framework in Frameworks */,
				CCF0A4901B0BF1FD002F619B /* Social.framework in Frameworks */,
				CCF0A4801B0BF176002F619B /* AudioToolbox.framework in Frameworks */,
				CCF0A4841B0BF1CD002F619B /* CFNetwork.framework in Frameworks */,
				CC81CD121B14F43B0039EA60 /* MapKit.framework in Frameworks */,
				CCF0A4861B0BF1D5002F619B /* CoreGraphics.framework in Frameworks */,
				CCF0A4881B0BF1DB002F619B /* CoreLocation.framework in Frameworks */,
				CCC680E01B129E320007DD85 /* Parse.framework in Frameworks */,
				CCF0A48A1B0BF1E4002F619B /* MobileCoreServices.framework in Frameworks */,
				CCF0A48C1B0BF1E9002F619B /* QuartzCore.framework in Frameworks */,
				CCC680E61B129FE70007DD85 /* ParseUI.framework in Frameworks */,
				CCF0A48E1B0BF1F2002F619B /* Security.framework in Frameworks */,
				CCF0A4941B0BF20C002F619B /* SystemConfiguration.framework in Frameworks */,
				CCF0A4961B0BF217002F619B /* libz.dylib in Frameworks */,
				CCF0A4981B0BF21F002F619B /* libsqlite3.dylib in Frameworks */,
				CCF0A4821B0BF1C4002F619B /* Accounts.framework in Frameworks */,
				D65661636D9610AC9C3A8E9C /* libPods-socialCalendar.a in Frameworks */,
			);
			runOnlyForDeploymentPostprocessing = 0;
		};
		CCF0A45F1B0BEEB8002F619B /* Frameworks */ = {
			isa = PBXFrameworksBuildPhase;
			buildActionMask = 2147483647;
			files = (
			);
			runOnlyForDeploymentPostprocessing = 0;
		};
/* End PBXFrameworksBuildPhase section */

/* Begin PBXGroup section */
		3B3BF40A9BD91DD4F6C67AA0 /* Pods */ = {
			isa = PBXGroup;
			children = (
				30F1B6E1F8520A242EE2DB5A /* Pods-socialCalendar.debug.xcconfig */,
				008107CB8CF00338DC111110 /* Pods-socialCalendar.release.xcconfig */,
			);
			name = Pods;
			sourceTree = "<group>";
		};
		CC579CAE1B18030200115705 /* eventDetailScene */ = {
			isa = PBXGroup;
			children = (
				CC579CAF1B18032700115705 /* detailViewController.h */,
				CC579CB01B18032700115705 /* detailViewController.m */,
			);
			name = eventDetailScene;
			sourceTree = "<group>";
		};
		CC81CD161B1541B80039EA60 /* model */ = {
			isa = PBXGroup;
			children = (
				CC81CD171B1541E00039EA60 /* eventObject.h */,
				CC81CD181B1541E00039EA60 /* eventObject.m */,
			);
			name = model;
			sourceTree = "<group>";
		};
		CCB59FE91B2031820050352D /* profileScene */ = {
			isa = PBXGroup;
			children = (
				CCB59FEA1B2031E40050352D /* FacebookStyleViewController.h */,
				CCB59FEB1B2031E40050352D /* FacebookStyleViewController.m */,
				CCB59FEC1B2031E40050352D /* FacebookStyleBar.h */,
				CCB59FED1B2031E40050352D /* FacebookStyleBar.m */,
				CCB59FF61B20F4A90050352D /* userTableViewCell.h */,
				CCB59FF71B20F4A90050352D /* userTableViewCell.m */,
			);
			name = profileScene;
			path = ..;
			sourceTree = "<group>";
		};
		CCB59FF91B2118CA0050352D /* userList */ = {
			isa = PBXGroup;
			children = (
				CCB59FFA1B2119010050352D /* userTableViewController.h */,
				CCB59FFB1B2119010050352D /* userTableViewController.m */,
			);
			name = userList;
			path = ..;
			sourceTree = "<group>";
		};
		CCDB3B5F1B12FBD200A68DCB /* myEventsScene */ = {
			isa = PBXGroup;
			children = (
				CCC680E71B12CA430007DD85 /* eventsViewController.h */,
				CCC680E81B12CA430007DD85 /* eventsViewController.m */,
				CCDB3B601B12FC3200A68DCB /* eventViewCell.h */,
				CCDB3B611B12FC3200A68DCB /* eventViewCell.m */,
			);
			name = myEventsScene;
			sourceTree = "<group>";
		};
		CCDB3B631B13F93C00A68DCB /* addEventScene */ = {
			isa = PBXGroup;
			children = (
				CCDB3B6C1B13FFCC00A68DCB /* addEventTableViewController.h */,
				CCDB3B6D1B13FFCC00A68DCB /* addEventTableViewController.m */,
				CC81CD0B1B1448A00039EA60 /* mapViewController.h */,
				CC81CD0C1B1448A00039EA60 /* mapViewController.m */,
				CC81CD0E1B1448FD0039EA60 /* MyLocation.h */,
				CC81CD0F1B1448FD0039EA60 /* MyLocation.m */,
				CC81CD131B1535330039EA60 /* KLCPopup.h */,
				CC81CD141B1535330039EA60 /* KLCPopup.m */,
			);
			name = addEventScene;
			sourceTree = "<group>";
		};
		CCDBB61A1B192490007C2E81 /* parseHandling */ = {
			isa = PBXGroup;
			children = (
				CCDBB61B1B1924D4007C2E81 /* ParsingHandle.h */,
				CCDBB61C1B1924D4007C2E81 /* ParsingHandle.m */,
			);
			name = parseHandling;
			sourceTree = "<group>";
		};
		CCE344161B1BA150001FB58F /* calendarScene */ = {
			isa = PBXGroup;
			children = (
				CCC680D01B129A620007DD85 /* calendarController.h */,
				CCC680D11B129A620007DD85 /* calendarController.m */,
				CCE344171B1BB02B001FB58F /* calendarTableViewCell.h */,
				CCE344181B1BB02B001FB58F /* calendarTableViewCell.m */,
			);
			name = calendarScene;
			sourceTree = "<group>";
		};
		CCF0A4401B0BEEB8002F619B = {
			isa = PBXGroup;
			children = (
				CCF0A4721B0BF14F002F619B /* Framework */,
				CCF0A44B1B0BEEB8002F619B /* socialCalendar */,
				CCF0A4651B0BEEB8002F619B /* socialCalendarTests */,
				CCF0A44A1B0BEEB8002F619B /* Products */,
				3B3BF40A9BD91DD4F6C67AA0 /* Pods */,
				D039DA7C97DEC38A4668DA3E /* Frameworks */,
			);
			sourceTree = "<group>";
		};
		CCF0A44A1B0BEEB8002F619B /* Products */ = {
			isa = PBXGroup;
			children = (
				CCF0A4491B0BEEB8002F619B /* socialCalendar.app */,
				CCF0A4621B0BEEB8002F619B /* socialCalendarTests.xctest */,
			);
			name = Products;
			sourceTree = "<group>";
		};
		CCF0A44B1B0BEEB8002F619B /* socialCalendar */ = {
			isa = PBXGroup;
			children = (
				CCDBB61A1B192490007C2E81 /* parseHandling */,
				CC81CD161B1541B80039EA60 /* model */,
				CCDB3B5F1B12FBD200A68DCB /* myEventsScene */,
				CCDB3B631B13F93C00A68DCB /* addEventScene */,
				CC579CAE1B18030200115705 /* eventDetailScene */,
				CCE344161B1BA150001FB58F /* calendarScene */,
				CCB59FE91B2031820050352D /* profileScene */,
				CCB59FF91B2118CA0050352D /* userList */,
				CCF0A4561B0BEEB8002F619B /* Main.storyboard */,
				CCF0A4591B0BEEB8002F619B /* Images.xcassets */,
				CCF0A45B1B0BEEB8002F619B /* LaunchScreen.xib */,
				CCF0A44C1B0BEEB8002F619B /* Supporting Files */,
			);
			path = socialCalendar;
			sourceTree = "<group>";
		};
		CCF0A44C1B0BEEB8002F619B /* Supporting Files */ = {
			isa = PBXGroup;
			children = (
				CCB59FF41B20360A0050352D /* Plus.png */,
				CCB59FF01B20335F0050352D /* Close.png */,
				CCF0A4501B0BEEB8002F619B /* AppDelegate.h */,
				CCF0A4511B0BEEB8002F619B /* AppDelegate.m */,
				CCF0A4991B0BF3F8002F619B /* PrefixHeader.pch */,
				CCF0A44D1B0BEEB8002F619B /* Info.plist */,
				CCF0A44E1B0BEEB8002F619B /* main.m */,
			);
			name = "Supporting Files";
			sourceTree = "<group>";
		};
		CCF0A4651B0BEEB8002F619B /* socialCalendarTests */ = {
			isa = PBXGroup;
			children = (
				CCF0A4681B0BEEB8002F619B /* socialCalendarTests.m */,
				CCF0A4661B0BEEB8002F619B /* Supporting Files */,
			);
			path = socialCalendarTests;
			sourceTree = "<group>";
		};
		CCF0A4661B0BEEB8002F619B /* Supporting Files */ = {
			isa = PBXGroup;
			children = (
				CCF0A4671B0BEEB8002F619B /* Info.plist */,
			);
			name = "Supporting Files";
			sourceTree = "<group>";
		};
		CCF0A4721B0BF14F002F619B /* Framework */ = {
			isa = PBXGroup;
			children = (
				CCF0A4971B0BF21F002F619B /* libsqlite3.dylib */,
				CCF0A4951B0BF217002F619B /* libz.dylib */,
				CCC680E51B129FE70007DD85 /* ParseUI.framework */,
				CCF0A4931B0BF20C002F619B /* SystemConfiguration.framework */,
				CCF0A48F1B0BF1FD002F619B /* Social.framework */,
				CCF0A48D1B0BF1F2002F619B /* Security.framework */,
				CCF0A48B1B0BF1E9002F619B /* QuartzCore.framework */,
				CCF0A4891B0BF1E4002F619B /* MobileCoreServices.framework */,
				CCF0A4871B0BF1DB002F619B /* CoreLocation.framework */,
				CCF0A4851B0BF1D5002F619B /* CoreGraphics.framework */,
				CCF0A4831B0BF1CD002F619B /* CFNetwork.framework */,
				CCF0A4811B0BF1C4002F619B /* Accounts.framework */,
				CCF0A47F1B0BF176002F619B /* AudioToolbox.framework */,
				CCC680D91B129E320007DD85 /* Bolts.framework */,
				CCC680DA1B129E320007DD85 /* Parse.framework */,
			);
			name = Framework;
			sourceTree = "<group>";
		};
		D039DA7C97DEC38A4668DA3E /* Frameworks */ = {
			isa = PBXGroup;
			children = (
				CCE3441C1B1BB805001FB58F /* EventKitUI.framework */,
				CCE3441A1B1BB7FB001FB58F /* EventKit.framework */,
				CC81CD111B14F43B0039EA60 /* MapKit.framework */,
				E0EDD79DA0424417BCB1D051 /* libPods-socialCalendar.a */,
			);
			name = Frameworks;
			sourceTree = "<group>";
		};
/* End PBXGroup section */

/* Begin PBXNativeTarget section */
		CCF0A4481B0BEEB8002F619B /* socialCalendar */ = {
			isa = PBXNativeTarget;
			buildConfigurationList = CCF0A46C1B0BEEB8002F619B /* Build configuration list for PBXNativeTarget "socialCalendar" */;
			buildPhases = (
				40B81F2CCFCDE7EB8019A568 /* Check Pods Manifest.lock */,
				CCF0A4451B0BEEB8002F619B /* Sources */,
				CCF0A4461B0BEEB8002F619B /* Frameworks */,
				CCF0A4471B0BEEB8002F619B /* Resources */,
				8B672C6CE7CFA21080C908DD /* Copy Pods Resources */,
			);
			buildRules = (
			);
			dependencies = (
			);
			name = socialCalendar;
			productName = socialCalendar;
			productReference = CCF0A4491B0BEEB8002F619B /* socialCalendar.app */;
			productType = "com.apple.product-type.application";
		};
		CCF0A4611B0BEEB8002F619B /* socialCalendarTests */ = {
			isa = PBXNativeTarget;
			buildConfigurationList = CCF0A46F1B0BEEB8002F619B /* Build configuration list for PBXNativeTarget "socialCalendarTests" */;
			buildPhases = (
				CCF0A45E1B0BEEB8002F619B /* Sources */,
				CCF0A45F1B0BEEB8002F619B /* Frameworks */,
				CCF0A4601B0BEEB8002F619B /* Resources */,
			);
			buildRules = (
			);
			dependencies = (
				CCF0A4641B0BEEB8002F619B /* PBXTargetDependency */,
			);
			name = socialCalendarTests;
			productName = socialCalendarTests;
			productReference = CCF0A4621B0BEEB8002F619B /* socialCalendarTests.xctest */;
			productType = "com.apple.product-type.bundle.unit-test";
		};
/* End PBXNativeTarget section */

/* Begin PBXProject section */
		CCF0A4411B0BEEB8002F619B /* Project object */ = {
			isa = PBXProject;
			attributes = {
				LastUpgradeCheck = 0630;
				ORGANIZATIONNAME = "Yifan Xiao";
				TargetAttributes = {
					CCF0A4481B0BEEB8002F619B = {
						CreatedOnToolsVersion = 6.3;
						DevelopmentTeam = 4NPA9YHQ69;
						SystemCapabilities = {
							com.apple.BackgroundModes = {
								enabled = 1;
							};
							com.apple.InAppPurchase = {
								enabled = 0;
							};
							com.apple.Maps.iOS = {
								enabled = 1;
							};
						};
					};
					CCF0A4611B0BEEB8002F619B = {
						CreatedOnToolsVersion = 6.3;
						TestTargetID = CCF0A4481B0BEEB8002F619B;
					};
				};
			};
			buildConfigurationList = CCF0A4441B0BEEB8002F619B /* Build configuration list for PBXProject "socialCalendar" */;
			compatibilityVersion = "Xcode 3.2";
			developmentRegion = English;
			hasScannedForEncodings = 0;
			knownRegions = (
				en,
				Base,
			);
			mainGroup = CCF0A4401B0BEEB8002F619B;
			productRefGroup = CCF0A44A1B0BEEB8002F619B /* Products */;
			projectDirPath = "";
			projectRoot = "";
			targets = (
				CCF0A4481B0BEEB8002F619B /* socialCalendar */,
				CCF0A4611B0BEEB8002F619B /* socialCalendarTests */,
			);
		};
/* End PBXProject section */

/* Begin PBXResourcesBuildPhase section */
		CCF0A4471B0BEEB8002F619B /* Resources */ = {
			isa = PBXResourcesBuildPhase;
			buildActionMask = 2147483647;
			files = (
				CCF0A4581B0BEEB8002F619B /* Main.storyboard in Resources */,
				CCF0A45D1B0BEEB8002F619B /* LaunchScreen.xib in Resources */,
				CCB59FF51B20360A0050352D /* Plus.png in Resources */,
				CCB59FF11B20335F0050352D /* Close.png in Resources */,
				CCF0A45A1B0BEEB8002F619B /* Images.xcassets in Resources */,
			);
			runOnlyForDeploymentPostprocessing = 0;
		};
		CCF0A4601B0BEEB8002F619B /* Resources */ = {
			isa = PBXResourcesBuildPhase;
			buildActionMask = 2147483647;
			files = (
			);
			runOnlyForDeploymentPostprocessing = 0;
		};
/* End PBXResourcesBuildPhase section */

/* Begin PBXShellScriptBuildPhase section */
		40B81F2CCFCDE7EB8019A568 /* Check Pods Manifest.lock */ = {
			isa = PBXShellScriptBuildPhase;
			buildActionMask = 2147483647;
			files = (
			);
			inputPaths = (
			);
			name = "Check Pods Manifest.lock";
			outputPaths = (
			);
			runOnlyForDeploymentPostprocessing = 0;
			shellPath = /bin/sh;
			shellScript = "diff \"${PODS_ROOT}/../Podfile.lock\" \"${PODS_ROOT}/Manifest.lock\" > /dev/null\nif [[ $? != 0 ]] ; then\n    cat << EOM\nerror: The sandbox is not in sync with the Podfile.lock. Run 'pod install' or update your CocoaPods installation.\nEOM\n    exit 1\nfi\n";
			showEnvVarsInLog = 0;
		};
		8B672C6CE7CFA21080C908DD /* Copy Pods Resources */ = {
			isa = PBXShellScriptBuildPhase;
			buildActionMask = 2147483647;
			files = (
			);
			inputPaths = (
			);
			name = "Copy Pods Resources";
			outputPaths = (
			);
			runOnlyForDeploymentPostprocessing = 0;
			shellPath = /bin/sh;
			shellScript = "\"${SRCROOT}/Pods/Target Support Files/Pods-socialCalendar/Pods-socialCalendar-resources.sh\"\n";
			showEnvVarsInLog = 0;
		};
/* End PBXShellScriptBuildPhase section */

/* Begin PBXSourcesBuildPhase section */
		CCF0A4451B0BEEB8002F619B /* Sources */ = {
			isa = PBXSourcesBuildPhase;
			buildActionMask = 2147483647;
			files = (
				CCB59FF81B20F4A90050352D /* userTableViewCell.m in Sources */,
				CCDB3B621B12FC3200A68DCB /* eventViewCell.m in Sources */,
				CCC680D21B129A620007DD85 /* calendarController.m in Sources */,
				CCB59FEF1B2031E40050352D /* FacebookStyleBar.m in Sources */,
				CCB59FEE1B2031E40050352D /* FacebookStyleViewController.m in Sources */,
				CCE344191B1BB02B001FB58F /* calendarTableViewCell.m in Sources */,
				CCB59FFC1B2119010050352D /* userTableViewController.m in Sources */,
				CCDBB61D1B1924D4007C2E81 /* ParsingHandle.m in Sources */,
				CCDB3B6E1B13FFCC00A68DCB /* addEventTableViewController.m in Sources */,
				CC579CB11B18032700115705 /* detailViewController.m in Sources */,
				CC81CD151B1535330039EA60 /* KLCPopup.m in Sources */,
				CCF0A4521B0BEEB8002F619B /* AppDelegate.m in Sources */,
				CC81CD191B1541E00039EA60 /* eventObject.m in Sources */,
				CC81CD0D1B1448A00039EA60 /* mapViewController.m in Sources */,
				CCF0A44F1B0BEEB8002F619B /* main.m in Sources */,
				CC81CD101B1448FD0039EA60 /* MyLocation.m in Sources */,
				CCC680E91B12CA430007DD85 /* eventsViewController.m in Sources */,
			);
			runOnlyForDeploymentPostprocessing = 0;
		};
		CCF0A45E1B0BEEB8002F619B /* Sources */ = {
			isa = PBXSourcesBuildPhase;
			buildActionMask = 2147483647;
			files = (
				CCF0A4691B0BEEB8002F619B /* socialCalendarTests.m in Sources */,
			);
			runOnlyForDeploymentPostprocessing = 0;
		};
/* End PBXSourcesBuildPhase section */

/* Begin PBXTargetDependency section */
		CCF0A4641B0BEEB8002F619B /* PBXTargetDependency */ = {
			isa = PBXTargetDependency;
			target = CCF0A4481B0BEEB8002F619B /* socialCalendar */;
			targetProxy = CCF0A4631B0BEEB8002F619B /* PBXContainerItemProxy */;
		};
/* End PBXTargetDependency section */

/* Begin PBXVariantGroup section */
		CCF0A4561B0BEEB8002F619B /* Main.storyboard */ = {
			isa = PBXVariantGroup;
			children = (
				CCF0A4571B0BEEB8002F619B /* Base */,
			);
			name = Main.storyboard;
			sourceTree = "<group>";
		};
		CCF0A45B1B0BEEB8002F619B /* LaunchScreen.xib */ = {
			isa = PBXVariantGroup;
			children = (
				CCF0A45C1B0BEEB8002F619B /* Base */,
			);
			name = LaunchScreen.xib;
			sourceTree = "<group>";
		};
/* End PBXVariantGroup section */

/* Begin XCBuildConfiguration section */
		CCF0A46A1B0BEEB8002F619B /* Debug */ = {
			isa = XCBuildConfiguration;
			buildSettings = {
				ALWAYS_SEARCH_USER_PATHS = NO;
				CLANG_CXX_LANGUAGE_STANDARD = "gnu++0x";
				CLANG_CXX_LIBRARY = "libc++";
				CLANG_ENABLE_MODULES = YES;
				CLANG_ENABLE_OBJC_ARC = YES;
				CLANG_WARN_BOOL_CONVERSION = YES;
				CLANG_WARN_CONSTANT_CONVERSION = YES;
				CLANG_WARN_DIRECT_OBJC_ISA_USAGE = YES_ERROR;
				CLANG_WARN_EMPTY_BODY = YES;
				CLANG_WARN_ENUM_CONVERSION = YES;
				CLANG_WARN_INT_CONVERSION = YES;
				CLANG_WARN_OBJC_ROOT_CLASS = YES_ERROR;
				CLANG_WARN_UNREACHABLE_CODE = YES;
				CLANG_WARN__DUPLICATE_METHOD_MATCH = YES;
				"CODE_SIGN_IDENTITY[sdk=iphoneos*]" = "iPhone Developer";
				COPY_PHASE_STRIP = NO;
				DEBUG_INFORMATION_FORMAT = "dwarf-with-dsym";
				ENABLE_STRICT_OBJC_MSGSEND = YES;
				GCC_C_LANGUAGE_STANDARD = gnu99;
				GCC_DYNAMIC_NO_PIC = NO;
				GCC_NO_COMMON_BLOCKS = YES;
				GCC_OPTIMIZATION_LEVEL = 0;
				GCC_PREPROCESSOR_DEFINITIONS = (
					"DEBUG=1",
					"$(inherited)",
				);
				GCC_SYMBOLS_PRIVATE_EXTERN = NO;
				GCC_WARN_64_TO_32_BIT_CONVERSION = YES;
				GCC_WARN_ABOUT_RETURN_TYPE = YES_ERROR;
				GCC_WARN_UNDECLARED_SELECTOR = YES;
				GCC_WARN_UNINITIALIZED_AUTOS = YES_AGGRESSIVE;
				GCC_WARN_UNUSED_FUNCTION = YES;
				GCC_WARN_UNUSED_VARIABLE = YES;
				IPHONEOS_DEPLOYMENT_TARGET = 8.3;
				MTL_ENABLE_DEBUG_INFO = YES;
				ONLY_ACTIVE_ARCH = YES;
				SDKROOT = iphoneos;
			};
			name = Debug;
		};
		CCF0A46B1B0BEEB8002F619B /* Release */ = {
			isa = XCBuildConfiguration;
			buildSettings = {
				ALWAYS_SEARCH_USER_PATHS = NO;
				CLANG_CXX_LANGUAGE_STANDARD = "gnu++0x";
				CLANG_CXX_LIBRARY = "libc++";
				CLANG_ENABLE_MODULES = YES;
				CLANG_ENABLE_OBJC_ARC = YES;
				CLANG_WARN_BOOL_CONVERSION = YES;
				CLANG_WARN_CONSTANT_CONVERSION = YES;
				CLANG_WARN_DIRECT_OBJC_ISA_USAGE = YES_ERROR;
				CLANG_WARN_EMPTY_BODY = YES;
				CLANG_WARN_ENUM_CONVERSION = YES;
				CLANG_WARN_INT_CONVERSION = YES;
				CLANG_WARN_OBJC_ROOT_CLASS = YES_ERROR;
				CLANG_WARN_UNREACHABLE_CODE = YES;
				CLANG_WARN__DUPLICATE_METHOD_MATCH = YES;
				"CODE_SIGN_IDENTITY[sdk=iphoneos*]" = "iPhone Developer";
				COPY_PHASE_STRIP = NO;
				DEBUG_INFORMATION_FORMAT = "dwarf-with-dsym";
				ENABLE_NS_ASSERTIONS = NO;
				ENABLE_STRICT_OBJC_MSGSEND = YES;
				GCC_C_LANGUAGE_STANDARD = gnu99;
				GCC_NO_COMMON_BLOCKS = YES;
				GCC_WARN_64_TO_32_BIT_CONVERSION = YES;
				GCC_WARN_ABOUT_RETURN_TYPE = YES_ERROR;
				GCC_WARN_UNDECLARED_SELECTOR = YES;
				GCC_WARN_UNINITIALIZED_AUTOS = YES_AGGRESSIVE;
				GCC_WARN_UNUSED_FUNCTION = YES;
				GCC_WARN_UNUSED_VARIABLE = YES;
				IPHONEOS_DEPLOYMENT_TARGET = 8.3;
				MTL_ENABLE_DEBUG_INFO = NO;
				SDKROOT = iphoneos;
				VALIDATE_PRODUCT = YES;
			};
			name = Release;
		};
		CCF0A46D1B0BEEB8002F619B /* Debug */ = {
			isa = XCBuildConfiguration;
			baseConfigurationReference = 30F1B6E1F8520A242EE2DB5A /* Pods-socialCalendar.debug.xcconfig */;
			buildSettings = {
				ASSETCATALOG_COMPILER_APPICON_NAME = AppIcon;
				CODE_SIGN_IDENTITY = "iPhone Developer";
				FRAMEWORK_SEARCH_PATHS = (
					"$(inherited)",
					"$(PROJECT_DIR)",
				);
				GCC_PRECOMPILE_PREFIX_HEADER = YES;
				GCC_PREFIX_HEADER = socialCalendar/PrefixHeader.pch;
				INFOPLIST_FILE = socialCalendar/Info.plist;
				LD_RUNPATH_SEARCH_PATHS = "$(inherited) @executable_path/Frameworks";
				PRODUCT_NAME = "$(TARGET_NAME)";
			};
			name = Debug;
		};
		CCF0A46E1B0BEEB8002F619B /* Release */ = {
			isa = XCBuildConfiguration;
			baseConfigurationReference = 008107CB8CF00338DC111110 /* Pods-socialCalendar.release.xcconfig */;
			buildSettings = {
				ASSETCATALOG_COMPILER_APPICON_NAME = AppIcon;
				CODE_SIGN_IDENTITY = "iPhone Developer";
				FRAMEWORK_SEARCH_PATHS = (
					"$(inherited)",
					"$(PROJECT_DIR)",
				);
				GCC_PRECOMPILE_PREFIX_HEADER = YES;
				GCC_PREFIX_HEADER = socialCalendar/PrefixHeader.pch;
				INFOPLIST_FILE = socialCalendar/Info.plist;
				LD_RUNPATH_SEARCH_PATHS = "$(inherited) @executable_path/Frameworks";
				PRODUCT_NAME = "$(TARGET_NAME)";
			};
			name = Release;
		};
		CCF0A4701B0BEEB8002F619B /* Debug */ = {
			isa = XCBuildConfiguration;
			buildSettings = {
				BUNDLE_LOADER = "$(TEST_HOST)";
				FRAMEWORK_SEARCH_PATHS = (
					"$(SDKROOT)/Developer/Library/Frameworks",
					"$(inherited)",
				);
				GCC_PREPROCESSOR_DEFINITIONS = (
					"DEBUG=1",
					"$(inherited)",
				);
				INFOPLIST_FILE = socialCalendarTests/Info.plist;
				LD_RUNPATH_SEARCH_PATHS = "$(inherited) @executable_path/Frameworks @loader_path/Frameworks";
				PRODUCT_NAME = "$(TARGET_NAME)";
				TEST_HOST = "$(BUILT_PRODUCTS_DIR)/socialCalendar.app/socialCalendar";
			};
			name = Debug;
		};
		CCF0A4711B0BEEB8002F619B /* Release */ = {
			isa = XCBuildConfiguration;
			buildSettings = {
				BUNDLE_LOADER = "$(TEST_HOST)";
				FRAMEWORK_SEARCH_PATHS = (
					"$(SDKROOT)/Developer/Library/Frameworks",
					"$(inherited)",
				);
				INFOPLIST_FILE = socialCalendarTests/Info.plist;
				LD_RUNPATH_SEARCH_PATHS = "$(inherited) @executable_path/Frameworks @loader_path/Frameworks";
				PRODUCT_NAME = "$(TARGET_NAME)";
				TEST_HOST = "$(BUILT_PRODUCTS_DIR)/socialCalendar.app/socialCalendar";
			};
			name = Release;
		};
/* End XCBuildConfiguration section */

/* Begin XCConfigurationList section */
		CCF0A4441B0BEEB8002F619B /* Build configuration list for PBXProject "socialCalendar" */ = {
			isa = XCConfigurationList;
			buildConfigurations = (
				CCF0A46A1B0BEEB8002F619B /* Debug */,
				CCF0A46B1B0BEEB8002F619B /* Release */,
			);
			defaultConfigurationIsVisible = 0;
			defaultConfigurationName = Release;
		};
		CCF0A46C1B0BEEB8002F619B /* Build configuration list for PBXNativeTarget "socialCalendar" */ = {
			isa = XCConfigurationList;
			buildConfigurations = (
				CCF0A46D1B0BEEB8002F619B /* Debug */,
				CCF0A46E1B0BEEB8002F619B /* Release */,
			);
			defaultConfigurationIsVisible = 0;
			defaultConfigurationName = Release;
		};
		CCF0A46F1B0BEEB8002F619B /* Build configuration list for PBXNativeTarget "socialCalendarTests" */ = {
			isa = XCConfigurationList;
			buildConfigurations = (
				CCF0A4701B0BEEB8002F619B /* Debug */,
				CCF0A4711B0BEEB8002F619B /* Release */,
			);
			defaultConfigurationIsVisible = 0;
			defaultConfigurationName = Release;
		};
/* End XCConfigurationList section */
	};
	rootObject = CCF0A4411B0BEEB8002F619B /* Project object */;
}
