// !$*UTF8*$!
{
	archiveVersion = 1;
	classes = {
	};
	objectVersion = 46;
	objects = {

/* Begin PBXBuildFile section */
		CC81CD0D1B1448A00039EA60 /* mapViewController.m in Sources */ = {isa = PBXBuildFile; fileRef = CC81CD0C1B1448A00039EA60 /* mapViewController.m */; };
		CC81CD101B1448FD0039EA60 /* MyLocation.m in Sources */ = {isa = PBXBuildFile; fileRef = CC81CD0F1B1448FD0039EA60 /* MyLocation.m */; };
		CC81CD121B14F43B0039EA60 /* MapKit.framework in Frameworks */ = {isa = PBXBuildFile; fileRef = CC81CD111B14F43B0039EA60 /* MapKit.framework */; };
		CC81CD151B1535330039EA60 /* KLCPopup.m in Sources */ = {isa = PBXBuildFile; fileRef = CC81CD141B1535330039EA60 /* KLCPopup.m */; };
		CC81CD191B1541E00039EA60 /* eventObject.m in Sources */ = {isa = PBXBuildFile; fileRef = CC81CD181B1541E00039EA60 /* eventObject.m */; };
		CCB59FEE1B2031E40050352D /* FacebookStyleViewController.m in Sources */ = {isa = PBXBuildFile; fileRef = CCB59FEB1B2031E40050352D /* FacebookStyleViewController.m */; };
		CCB59FEF1B2031E40050352D /* FacebookStyleBar.m in Sources */ = {isa = PBXBuildFile; fileRef = CCB59FED1B2031E40050352D /* FacebookStyleBar.m */; };
		CCB59FF51B20360A0050352D /* Plus.png in Resources */ = {isa = PBXBuildFile; fileRef = CCB59FF41B20360A0050352D /* Plus.png */; };
		CCB59FF81B20F4A90050352D /* userTableViewCell.m in Sources */ = {isa = PBXBuildFile; fileRef = CCB59FF71B20F4A90050352D /* userTableViewCell.m */; };
		CCB59FFC1B2119010050352D /* userTableViewController.m in Sources */ = {isa = PBXBuildFile; fileRef = CCB59FFB1B2119010050352D /* userTableViewController.m */; };
		CCB59FFF1B212CE20050352D /* listTableViewCell.m in Sources */ = {isa = PBXBuildFile; fileRef = CCB59FFE1B212CE20050352D /* listTableViewCell.m */; };
		CCB5A0061B2558E80050352D /* friendsPickingTableViewController.m in Sources */ = {isa = PBXBuildFile; fileRef = CCB5A0051B2558E80050352D /* friendsPickingTableViewController.m */; };
		CCB5A00C1B25DE460050352D /* AddressBook.framework in Frameworks */ = {isa = PBXBuildFile; fileRef = CCB5A00B1B25DE460050352D /* AddressBook.framework */; };
		CCB5A00E1B25DE4F0050352D /* AssetsLibrary.framework in Frameworks */ = {isa = PBXBuildFile; fileRef = CCB5A00D1B25DE4F0050352D /* AssetsLibrary.framework */; };
		CCB5A0101B25DE5F0050352D /* CoreMotion.framework in Frameworks */ = {isa = PBXBuildFile; fileRef = CCB5A00F1B25DE5F0050352D /* CoreMotion.framework */; };
		CCB5A0121B25DE730050352D /* CoreText.framework in Frameworks */ = {isa = PBXBuildFile; fileRef = CCB5A0111B25DE730050352D /* CoreText.framework */; };
		CCB5A0141B25DE7A0050352D /* MediaPlayer.framework in Frameworks */ = {isa = PBXBuildFile; fileRef = CCB5A0131B25DE7A0050352D /* MediaPlayer.framework */; };
		CCB5A0161B25E90C0050352D /* MessageUI.framework in Frameworks */ = {isa = PBXBuildFile; fileRef = CCB5A0151B25E90C0050352D /* MessageUI.framework */; };
		CCB5A0221B25F9240050352D /* libc++.dylib in Frameworks */ = {isa = PBXBuildFile; fileRef = CCB5A0211B25F9240050352D /* libc++.dylib */; };
		CCB5A0261B2626C80050352D /* libWeChatSDK.a in Frameworks */ = {isa = PBXBuildFile; fileRef = CCB5A0251B2626C80050352D /* libWeChatSDK.a */; };
		CCB5A02D1B2643BC0050352D /* ViewController.swift in Sources */ = {isa = PBXBuildFile; fileRef = CCB5A02A1B2643BC0050352D /* ViewController.swift */; };
		CCB5A02E1B2643BC0050352D /* RMParallaxItem.swift in Sources */ = {isa = PBXBuildFile; fileRef = CCB5A02B1B2643BC0050352D /* RMParallaxItem.swift */; };
		CCB5A02F1B2643BC0050352D /* RMParallax.swift in Sources */ = {isa = PBXBuildFile; fileRef = CCB5A02C1B2643BC0050352D /* RMParallax.swift */; };
		CCC680D21B129A620007DD85 /* calendarController.m in Sources */ = {isa = PBXBuildFile; fileRef = CCC680D11B129A620007DD85 /* calendarController.m */; };
		CCC680DF1B129E320007DD85 /* Bolts.framework in Frameworks */ = {isa = PBXBuildFile; fileRef = CCC680D91B129E320007DD85 /* Bolts.framework */; };
		CCC680E01B129E320007DD85 /* Parse.framework in Frameworks */ = {isa = PBXBuildFile; fileRef = CCC680DA1B129E320007DD85 /* Parse.framework */; };
		CCC680E61B129FE70007DD85 /* ParseUI.framework in Frameworks */ = {isa = PBXBuildFile; fileRef = CCC680E51B129FE70007DD85 /* ParseUI.framework */; };
		CCC680E91B12CA430007DD85 /* eventsViewController.m in Sources */ = {isa = PBXBuildFile; fileRef = CCC680E81B12CA430007DD85 /* eventsViewController.m */; };
		CCDB3B621B12FC3200A68DCB /* eventViewCell.m in Sources */ = {isa = PBXBuildFile; fileRef = CCDB3B611B12FC3200A68DCB /* eventViewCell.m */; };
		CCDB3B6E1B13FFCC00A68DCB /* addEventTableViewController.m in Sources */ = {isa = PBXBuildFile; fileRef = CCDB3B6D1B13FFCC00A68DCB /* addEventTableViewController.m */; };
		CCDBB61D1B1924D4007C2E81 /* ParsingHandle.m in Sources */ = {isa = PBXBuildFile; fileRef = CCDBB61C1B1924D4007C2E81 /* ParsingHandle.m */; };
		CCE344191B1BB02B001FB58F /* calendarTableViewCell.m in Sources */ = {isa = PBXBuildFile; fileRef = CCE344181B1BB02B001FB58F /* calendarTableViewCell.m */; };
		CCE3441B1B1BB7FB001FB58F /* EventKit.framework in Frameworks */ = {isa = PBXBuildFile; fileRef = CCE3441A1B1BB7FB001FB58F /* EventKit.framework */; };
		CCE3441D1B1BB805001FB58F /* EventKitUI.framework in Frameworks */ = {isa = PBXBuildFile; fileRef = CCE3441C1B1BB805001FB58F /* EventKitUI.framework */; };
		CCF0A44F1B0BEEB8002F619B /* main.m in Sources */ = {isa = PBXBuildFile; fileRef = CCF0A44E1B0BEEB8002F619B /* main.m */; };
		CCF0A4521B0BEEB8002F619B /* AppDelegate.m in Sources */ = {isa = PBXBuildFile; fileRef = CCF0A4511B0BEEB8002F619B /* AppDelegate.m */; };
		CCF0A4581B0BEEB8002F619B /* Main.storyboard in Resources */ = {isa = PBXBuildFile; fileRef = CCF0A4561B0BEEB8002F619B /* Main.storyboard */; };
		CCF0A45A1B0BEEB8002F619B /* Images.xcassets in Resources */ = {isa = PBXBuildFile; fileRef = CCF0A4591B0BEEB8002F619B /* Images.xcassets */; };
		CCF0A45D1B0BEEB8002F619B /* LaunchScreen.xib in Resources */ = {isa = PBXBuildFile; fileRef = CCF0A45B1B0BEEB8002F619B /* LaunchScreen.xib */; };
		CCF0A4691B0BEEB8002F619B /* socialCalendarTests.m in Sources */ = {isa = PBXBuildFile; fileRef = CCF0A4681B0BEEB8002F619B /* socialCalendarTests.m */; };
		CCF0A4801B0BF176002F619B /* AudioToolbox.framework in Frameworks */ = {isa = PBXBuildFile; fileRef = CCF0A47F1B0BF176002F619B /* AudioToolbox.framework */; };
		CCF0A4821B0BF1C4002F619B /* Accounts.framework in Frameworks */ = {isa = PBXBuildFile; fileRef = CCF0A4811B0BF1C4002F619B /* Accounts.framework */; };
		CCF0A4841B0BF1CD002F619B /* CFNetwork.framework in Frameworks */ = {isa = PBXBuildFile; fileRef = CCF0A4831B0BF1CD002F619B /* CFNetwork.framework */; };
		CCF0A4861B0BF1D5002F619B /* CoreGraphics.framework in Frameworks */ = {isa = PBXBuildFile; fileRef = CCF0A4851B0BF1D5002F619B /* CoreGraphics.framework */; };
		CCF0A4881B0BF1DB002F619B /* CoreLocation.framework in Frameworks */ = {isa = PBXBuildFile; fileRef = CCF0A4871B0BF1DB002F619B /* CoreLocation.framework */; };
		CCF0A48A1B0BF1E4002F619B /* MobileCoreServices.framework in Frameworks */ = {isa = PBXBuildFile; fileRef = CCF0A4891B0BF1E4002F619B /* MobileCoreServices.framework */; };
		CCF0A48C1B0BF1E9002F619B /* QuartzCore.framework in Frameworks */ = {isa = PBXBuildFile; fileRef = CCF0A48B1B0BF1E9002F619B /* QuartzCore.framework */; };
		CCF0A48E1B0BF1F2002F619B /* Security.framework in Frameworks */ = {isa = PBXBuildFile; fileRef = CCF0A48D1B0BF1F2002F619B /* Security.framework */; };
		CCF0A4901B0BF1FD002F619B /* Social.framework in Frameworks */ = {isa = PBXBuildFile; fileRef = CCF0A48F1B0BF1FD002F619B /* Social.framework */; };
		CCF0A4941B0BF20C002F619B /* SystemConfiguration.framework in Frameworks */ = {isa = PBXBuildFile; fileRef = CCF0A4931B0BF20C002F619B /* SystemConfiguration.framework */; };
		CCF0A4961B0BF217002F619B /* libz.dylib in Frameworks */ = {isa = PBXBuildFile; fileRef = CCF0A4951B0BF217002F619B /* libz.dylib */; };
		CCF0A4981B0BF21F002F619B /* libsqlite3.dylib in Frameworks */ = {isa = PBXBuildFile; fileRef = CCF0A4971B0BF21F002F619B /* libsqlite3.dylib */; };
		D65661636D9610AC9C3A8E9C /* libPods-socialCalendar.a in Frameworks */ = {isa = PBXBuildFile; fileRef = E0EDD79DA0424417BCB1D051 /* libPods-socialCalendar.a */; };
		DDC571281B6586F10043AC40 /* logo.png in Resources */ = {isa = PBXBuildFile; fileRef = DDC571271B6586F10043AC40 /* logo.png */; };
		DDC5712C1B65876D0043AC40 /* SCLoginViewController.m in Sources */ = {isa = PBXBuildFile; fileRef = DDC5712B1B65876D0043AC40 /* SCLoginViewController.m */; };
		DDC5712F1B65878C0043AC40 /* SCSignUpViewController.m in Sources */ = {isa = PBXBuildFile; fileRef = DDC5712E1B65878C0043AC40 /* SCSignUpViewController.m */; };
		DDC571551B65CAA00043AC40 /* TOCropViewControllerLocalizable.strings in Resources */ = {isa = PBXBuildFile; fileRef = DDC571311B65CAA00043AC40 /* TOCropViewControllerLocalizable.strings */; };
		DDC571561B65CAA00043AC40 /* TOActivityCroppedImageProvider.m in Sources */ = {isa = PBXBuildFile; fileRef = DDC5713D1B65CAA00043AC40 /* TOActivityCroppedImageProvider.m */; };
		DDC571571B65CAA00043AC40 /* TOCroppedImageAttributes.m in Sources */ = {isa = PBXBuildFile; fileRef = DDC5713F1B65CAA00043AC40 /* TOCroppedImageAttributes.m */; };
		DDC571581B65CAA00043AC40 /* TOCropViewControllerTransitioning.m in Sources */ = {isa = PBXBuildFile; fileRef = DDC571411B65CAA00043AC40 /* TOCropViewControllerTransitioning.m */; };
		DDC571591B65CAA00043AC40 /* UIImage+CropRotate.m in Sources */ = {isa = PBXBuildFile; fileRef = DDC571431B65CAA00043AC40 /* UIImage+CropRotate.m */; };
		DDC5715A1B65CAA00043AC40 /* TOCropViewController.m in Sources */ = {isa = PBXBuildFile; fileRef = DDC571491B65CAA00043AC40 /* TOCropViewController.m */; };
		DDC5715B1B65CAA00043AC40 /* TOCropOverlayView.m in Sources */ = {isa = PBXBuildFile; fileRef = DDC5714C1B65CAA00043AC40 /* TOCropOverlayView.m */; };
		DDC5715C1B65CAA00043AC40 /* TOCropScrollView.m in Sources */ = {isa = PBXBuildFile; fileRef = DDC5714E1B65CAA00043AC40 /* TOCropScrollView.m */; };
		DDC5715D1B65CAA00043AC40 /* TOCropToolbar.m in Sources */ = {isa = PBXBuildFile; fileRef = DDC571501B65CAA00043AC40 /* TOCropToolbar.m */; };
		DDC5715E1B65CAA00043AC40 /* TOCropView.m in Sources */ = {isa = PBXBuildFile; fileRef = DDC571521B65CAA00043AC40 /* TOCropView.m */; };
		DDC571691B65E6280043AC40 /* profileViewController.m in Sources */ = {isa = PBXBuildFile; fileRef = DDC571681B65E6280043AC40 /* profileViewController.m */; };
		DDC5716F1B65E7C10043AC40 /* CSSectionHeader.m in Sources */ = {isa = PBXBuildFile; fileRef = DDC5716D1B65E7C10043AC40 /* CSSectionHeader.m */; };
		DDC571731B65E8BA0043AC40 /* profileHeader.m in Sources */ = {isa = PBXBuildFile; fileRef = DDC571711B65E8BA0043AC40 /* profileHeader.m */; };
		DDC571741B65E8BA0043AC40 /* profileHeader.xib in Resources */ = {isa = PBXBuildFile; fileRef = DDC571721B65E8BA0043AC40 /* profileHeader.xib */; };
		FF1BE66E1B35FC7600AF8886 /* ProgressHUD.m in Sources */ = {isa = PBXBuildFile; fileRef = FF1BE66D1B35FC7600AF8886 /* ProgressHUD.m */; };
		FF286BC91B51A7C600F7D166 /* eventDetailDataController.m in Sources */ = {isa = PBXBuildFile; fileRef = FF286BC81B51A7C600F7D166 /* eventDetailDataController.m */; };
		FF286BD01B51B51C00F7D166 /* SCEventNameTableViewCell.m in Sources */ = {isa = PBXBuildFile; fileRef = FF286BCB1B51B51C00F7D166 /* SCEventNameTableViewCell.m */; };
		FF286BD11B51B51C00F7D166 /* SCEventNameTableViewCell.xib in Resources */ = {isa = PBXBuildFile; fileRef = FF286BCC1B51B51C00F7D166 /* SCEventNameTableViewCell.xib */; };
		FF286BD21B51B51C00F7D166 /* SCEventAddressTableViewCell.m in Sources */ = {isa = PBXBuildFile; fileRef = FF286BCE1B51B51C00F7D166 /* SCEventAddressTableViewCell.m */; };
		FF286BD31B51B51C00F7D166 /* SCEventAddressTableViewCell.xib in Resources */ = {isa = PBXBuildFile; fileRef = FF286BCF1B51B51C00F7D166 /* SCEventAddressTableViewCell.xib */; };
		FF286BDD1B52273E00F7D166 /* SCLocationManager.m in Sources */ = {isa = PBXBuildFile; fileRef = FF286BDC1B52273E00F7D166 /* SCLocationManager.m */; };
		FF286BE31B522A1A00F7D166 /* SCEventMapController.m in Sources */ = {isa = PBXBuildFile; fileRef = FF286BE21B522A1A00F7D166 /* SCEventMapController.m */; };
		FF353DA31B5A1B7800DBA4A2 /* SVIndefiniteAnimatedView.m in Sources */ = {isa = PBXBuildFile; fileRef = FF353D9E1B5A1B7800DBA4A2 /* SVIndefiniteAnimatedView.m */; };
		FF353DA41B5A1B7800DBA4A2 /* SVProgressHUD.bundle in Resources */ = {isa = PBXBuildFile; fileRef = FF353DA01B5A1B7800DBA4A2 /* SVProgressHUD.bundle */; };
		FF353DA51B5A1B7800DBA4A2 /* SVProgressHUD.m in Sources */ = {isa = PBXBuildFile; fileRef = FF353DA21B5A1B7800DBA4A2 /* SVProgressHUD.m */; };
		FF353DAA1B5A296600DBA4A2 /* SCProfileInfoCell.m in Sources */ = {isa = PBXBuildFile; fileRef = FF353DA81B5A296600DBA4A2 /* SCProfileInfoCell.m */; };
		FF353DAB1B5A296600DBA4A2 /* SCProfileInfoCell.xib in Resources */ = {isa = PBXBuildFile; fileRef = FF353DA91B5A296600DBA4A2 /* SCProfileInfoCell.xib */; };
		FF353DB61B5B0FAA00DBA4A2 /* UIFont+OpenForum.m in Sources */ = {isa = PBXBuildFile; fileRef = FF353DB51B5B0FAA00DBA4A2 /* UIFont+OpenForum.m */; };
		FF353DC81B5C30FB00DBA4A2 /* SCAlertViewDataController.m in Sources */ = {isa = PBXBuildFile; fileRef = FF353DC71B5C30FB00DBA4A2 /* SCAlertViewDataController.m */; };
		FF353DCD1B5C4DF300DBA4A2 /* Region.storyboard in Resources */ = {isa = PBXBuildFile; fileRef = FF353DCC1B5C4DF300DBA4A2 /* Region.storyboard */; };
		FF353DD01B5C608900DBA4A2 /* regionSelectionTableViewController.m in Sources */ = {isa = PBXBuildFile; fileRef = FF353DCF1B5C608900DBA4A2 /* regionSelectionTableViewController.m */; };
		FF39EC4A1B57516B007FA3FB /* LPBannerView.xib in Resources */ = {isa = PBXBuildFile; fileRef = FF39EC471B57516B007FA3FB /* LPBannerView.xib */; };
		FF39EC4B1B57516B007FA3FB /* LPBannerView.m in Sources */ = {isa = PBXBuildFile; fileRef = FF39EC491B57516B007FA3FB /* LPBannerView.m */; };
		FF39EC4F1B575190007FA3FB /* LPNetworkingManager.m in Sources */ = {isa = PBXBuildFile; fileRef = FF39EC4E1B575190007FA3FB /* LPNetworkingManager.m */; };
		FF39EC521B5751B9007FA3FB /* UIView+LoadNib.m in Sources */ = {isa = PBXBuildFile; fileRef = FF39EC511B5751B9007FA3FB /* UIView+LoadNib.m */; };
		FFC5B1C31B63517400A72286 /* UITabBarController+TabBarVisibility.m in Sources */ = {isa = PBXBuildFile; fileRef = FFC5B1C21B63517400A72286 /* UITabBarController+TabBarVisibility.m */; };
		FFC5B1C71B65562900A72286 /* SCTextSwitchCollectionViewCell.xib in Resources */ = {isa = PBXBuildFile; fileRef = FFC5B1C41B65562900A72286 /* SCTextSwitchCollectionViewCell.xib */; };
		FFC5B1C81B65562900A72286 /* SCTextSwitchCollectionViewCell.m in Sources */ = {isa = PBXBuildFile; fileRef = FFC5B1C61B65562900A72286 /* SCTextSwitchCollectionViewCell.m */; };
		FFC5B1CB1B6562FF00A72286 /* SCHelperMethods.m in Sources */ = {isa = PBXBuildFile; fileRef = FFC5B1CA1B6562FF00A72286 /* SCHelperMethods.m */; };
		FFDB42881B47B49900785D6A /* popingViewController.m in Sources */ = {isa = PBXBuildFile; fileRef = FFDB42871B47B49900785D6A /* popingViewController.m */; };
		FFDB428C1B47B50200785D6A /* UIColor+CustomColors.m in Sources */ = {isa = PBXBuildFile; fileRef = FFDB428B1B47B50200785D6A /* UIColor+CustomColors.m */; };
		FFDB42901B47B6DC00785D6A /* PresentingAnimator.m in Sources */ = {isa = PBXBuildFile; fileRef = FFDB428F1B47B6DC00785D6A /* PresentingAnimator.m */; };
		FFDB42951B47B71F00785D6A /* DismissingAnimator.m in Sources */ = {isa = PBXBuildFile; fileRef = FFDB42941B47B71F00785D6A /* DismissingAnimator.m */; };
		FFDB42991B48491D00785D6A /* expireMarkingView.m in Sources */ = {isa = PBXBuildFile; fileRef = FFDB42981B48491D00785D6A /* expireMarkingView.m */; };
		FFF2B9B31B4B1CEE0039F9BB /* eventDetail.storyboard in Resources */ = {isa = PBXBuildFile; fileRef = FFF2B9B21B4B1CEE0039F9BB /* eventDetail.storyboard */; };
		FFF2B9B61B4B2CB10039F9BB /* SCEventInfoViewController.m in Sources */ = {isa = PBXBuildFile; fileRef = FFF2B9B51B4B2CB10039F9BB /* SCEventInfoViewController.m */; };
		FFFB6E411B55FB1E00409BCE /* SCEventHourCell.m in Sources */ = {isa = PBXBuildFile; fileRef = FFFB6E3C1B55FB1E00409BCE /* SCEventHourCell.m */; };
		FFFB6E431B55FB1E00409BCE /* SCEventHoursTableViewCell.m in Sources */ = {isa = PBXBuildFile; fileRef = FFFB6E3F1B55FB1E00409BCE /* SCEventHoursTableViewCell.m */; };
		FFFB6E441B55FB1E00409BCE /* SCEventHoursTableViewCell.xib in Resources */ = {isa = PBXBuildFile; fileRef = FFFB6E401B55FB1E00409BCE /* SCEventHoursTableViewCell.xib */; };
		FFFB6E461B561FE300409BCE /* SCEventHourCell.xib in Resources */ = {isa = PBXBuildFile; fileRef = FFFB6E451B561FE300409BCE /* SCEventHourCell.xib */; };
/* End PBXBuildFile section */

/* Begin PBXContainerItemProxy section */
		CCF0A4631B0BEEB8002F619B /* PBXContainerItemProxy */ = {
			isa = PBXContainerItemProxy;
			containerPortal = CCF0A4411B0BEEB8002F619B /* Project object */;
			proxyType = 1;
			remoteGlobalIDString = CCF0A4481B0BEEB8002F619B;
			remoteInfo = socialCalendar;
		};
/* End PBXContainerItemProxy section */

/* Begin PBXFileReference section */
		008107CB8CF00338DC111110 /* Pods-socialCalendar.release.xcconfig */ = {isa = PBXFileReference; includeInIndex = 1; lastKnownFileType = text.xcconfig; name = "Pods-socialCalendar.release.xcconfig"; path = "Pods/Target Support Files/Pods-socialCalendar/Pods-socialCalendar.release.xcconfig"; sourceTree = "<group>"; };
		30F1B6E1F8520A242EE2DB5A /* Pods-socialCalendar.debug.xcconfig */ = {isa = PBXFileReference; includeInIndex = 1; lastKnownFileType = text.xcconfig; name = "Pods-socialCalendar.debug.xcconfig"; path = "Pods/Target Support Files/Pods-socialCalendar/Pods-socialCalendar.debug.xcconfig"; sourceTree = "<group>"; };
		CC81CD0B1B1448A00039EA60 /* mapViewController.h */ = {isa = PBXFileReference; fileEncoding = 4; lastKnownFileType = sourcecode.c.h; path = mapViewController.h; sourceTree = "<group>"; };
		CC81CD0C1B1448A00039EA60 /* mapViewController.m */ = {isa = PBXFileReference; fileEncoding = 4; lastKnownFileType = sourcecode.c.objc; path = mapViewController.m; sourceTree = "<group>"; };
		CC81CD0E1B1448FD0039EA60 /* MyLocation.h */ = {isa = PBXFileReference; fileEncoding = 4; lastKnownFileType = sourcecode.c.h; path = MyLocation.h; sourceTree = "<group>"; };
		CC81CD0F1B1448FD0039EA60 /* MyLocation.m */ = {isa = PBXFileReference; fileEncoding = 4; lastKnownFileType = sourcecode.c.objc; path = MyLocation.m; sourceTree = "<group>"; };
		CC81CD111B14F43B0039EA60 /* MapKit.framework */ = {isa = PBXFileReference; lastKnownFileType = wrapper.framework; name = MapKit.framework; path = System/Library/Frameworks/MapKit.framework; sourceTree = SDKROOT; };
		CC81CD131B1535330039EA60 /* KLCPopup.h */ = {isa = PBXFileReference; fileEncoding = 4; lastKnownFileType = sourcecode.c.h; path = KLCPopup.h; sourceTree = "<group>"; };
		CC81CD141B1535330039EA60 /* KLCPopup.m */ = {isa = PBXFileReference; fileEncoding = 4; lastKnownFileType = sourcecode.c.objc; path = KLCPopup.m; sourceTree = "<group>"; };
		CC81CD171B1541E00039EA60 /* eventObject.h */ = {isa = PBXFileReference; fileEncoding = 4; lastKnownFileType = sourcecode.c.h; path = eventObject.h; sourceTree = "<group>"; };
		CC81CD181B1541E00039EA60 /* eventObject.m */ = {isa = PBXFileReference; fileEncoding = 4; lastKnownFileType = sourcecode.c.objc; path = eventObject.m; sourceTree = "<group>"; };
		CCB59FEA1B2031E40050352D /* FacebookStyleViewController.h */ = {isa = PBXFileReference; fileEncoding = 4; lastKnownFileType = sourcecode.c.h; path = FacebookStyleViewController.h; sourceTree = "<group>"; };
		CCB59FEB1B2031E40050352D /* FacebookStyleViewController.m */ = {isa = PBXFileReference; fileEncoding = 4; lastKnownFileType = sourcecode.c.objc; path = FacebookStyleViewController.m; sourceTree = "<group>"; };
		CCB59FEC1B2031E40050352D /* FacebookStyleBar.h */ = {isa = PBXFileReference; fileEncoding = 4; lastKnownFileType = sourcecode.c.h; path = FacebookStyleBar.h; sourceTree = "<group>"; };
		CCB59FED1B2031E40050352D /* FacebookStyleBar.m */ = {isa = PBXFileReference; fileEncoding = 4; lastKnownFileType = sourcecode.c.objc; path = FacebookStyleBar.m; sourceTree = "<group>"; };
		CCB59FF41B20360A0050352D /* Plus.png */ = {isa = PBXFileReference; lastKnownFileType = image.png; path = Plus.png; sourceTree = "<group>"; };
		CCB59FF61B20F4A90050352D /* userTableViewCell.h */ = {isa = PBXFileReference; fileEncoding = 4; lastKnownFileType = sourcecode.c.h; path = userTableViewCell.h; sourceTree = "<group>"; };
		CCB59FF71B20F4A90050352D /* userTableViewCell.m */ = {isa = PBXFileReference; fileEncoding = 4; lastKnownFileType = sourcecode.c.objc; path = userTableViewCell.m; sourceTree = "<group>"; };
		CCB59FFA1B2119010050352D /* userTableViewController.h */ = {isa = PBXFileReference; fileEncoding = 4; lastKnownFileType = sourcecode.c.h; path = userTableViewController.h; sourceTree = "<group>"; };
		CCB59FFB1B2119010050352D /* userTableViewController.m */ = {isa = PBXFileReference; fileEncoding = 4; lastKnownFileType = sourcecode.c.objc; path = userTableViewController.m; sourceTree = "<group>"; };
		CCB59FFD1B212CE20050352D /* listTableViewCell.h */ = {isa = PBXFileReference; fileEncoding = 4; lastKnownFileType = sourcecode.c.h; path = listTableViewCell.h; sourceTree = "<group>"; };
		CCB59FFE1B212CE20050352D /* listTableViewCell.m */ = {isa = PBXFileReference; fileEncoding = 4; lastKnownFileType = sourcecode.c.objc; path = listTableViewCell.m; sourceTree = "<group>"; };
		CCB5A0041B2558E80050352D /* friendsPickingTableViewController.h */ = {isa = PBXFileReference; fileEncoding = 4; lastKnownFileType = sourcecode.c.h; path = friendsPickingTableViewController.h; sourceTree = "<group>"; };
		CCB5A0051B2558E80050352D /* friendsPickingTableViewController.m */ = {isa = PBXFileReference; fileEncoding = 4; lastKnownFileType = sourcecode.c.objc; path = friendsPickingTableViewController.m; sourceTree = "<group>"; };
		CCB5A00B1B25DE460050352D /* AddressBook.framework */ = {isa = PBXFileReference; lastKnownFileType = wrapper.framework; name = AddressBook.framework; path = System/Library/Frameworks/AddressBook.framework; sourceTree = SDKROOT; };
		CCB5A00D1B25DE4F0050352D /* AssetsLibrary.framework */ = {isa = PBXFileReference; lastKnownFileType = wrapper.framework; name = AssetsLibrary.framework; path = System/Library/Frameworks/AssetsLibrary.framework; sourceTree = SDKROOT; };
		CCB5A00F1B25DE5F0050352D /* CoreMotion.framework */ = {isa = PBXFileReference; lastKnownFileType = wrapper.framework; name = CoreMotion.framework; path = System/Library/Frameworks/CoreMotion.framework; sourceTree = SDKROOT; };
		CCB5A0111B25DE730050352D /* CoreText.framework */ = {isa = PBXFileReference; lastKnownFileType = wrapper.framework; name = CoreText.framework; path = System/Library/Frameworks/CoreText.framework; sourceTree = SDKROOT; };
		CCB5A0131B25DE7A0050352D /* MediaPlayer.framework */ = {isa = PBXFileReference; lastKnownFileType = wrapper.framework; name = MediaPlayer.framework; path = System/Library/Frameworks/MediaPlayer.framework; sourceTree = SDKROOT; };
		CCB5A0151B25E90C0050352D /* MessageUI.framework */ = {isa = PBXFileReference; lastKnownFileType = wrapper.framework; name = MessageUI.framework; path = System/Library/Frameworks/MessageUI.framework; sourceTree = SDKROOT; };
		CCB5A01E1B25F27B0050352D /* WXApi.h */ = {isa = PBXFileReference; fileEncoding = 4; lastKnownFileType = sourcecode.c.h; path = WXApi.h; sourceTree = "<group>"; };
		CCB5A01F1B25F27B0050352D /* WXApiObject.h */ = {isa = PBXFileReference; fileEncoding = 4; lastKnownFileType = sourcecode.c.h; path = WXApiObject.h; sourceTree = "<group>"; };
		CCB5A0211B25F9240050352D /* libc++.dylib */ = {isa = PBXFileReference; lastKnownFileType = "compiled.mach-o.dylib"; name = "libc++.dylib"; path = "usr/lib/libc++.dylib"; sourceTree = SDKROOT; };
		CCB5A0231B2625E10050352D /* libc++.1.dylib */ = {isa = PBXFileReference; lastKnownFileType = "compiled.mach-o.dylib"; name = "libc++.1.dylib"; path = "usr/lib/libc++.1.dylib"; sourceTree = SDKROOT; };
		CCB5A0251B2626C80050352D /* libWeChatSDK.a */ = {isa = PBXFileReference; lastKnownFileType = archive.ar; path = libWeChatSDK.a; sourceTree = "<group>"; };
		CCB5A0291B2643BA0050352D /* socialCalendar-Bridging-Header.h */ = {isa = PBXFileReference; lastKnownFileType = sourcecode.c.h; path = "socialCalendar-Bridging-Header.h"; sourceTree = "<group>"; };
		CCB5A02A1B2643BC0050352D /* ViewController.swift */ = {isa = PBXFileReference; fileEncoding = 4; lastKnownFileType = sourcecode.swift; path = ViewController.swift; sourceTree = "<group>"; };
		CCB5A02B1B2643BC0050352D /* RMParallaxItem.swift */ = {isa = PBXFileReference; fileEncoding = 4; lastKnownFileType = sourcecode.swift; path = RMParallaxItem.swift; sourceTree = "<group>"; };
		CCB5A02C1B2643BC0050352D /* RMParallax.swift */ = {isa = PBXFileReference; fileEncoding = 4; lastKnownFileType = sourcecode.swift; path = RMParallax.swift; sourceTree = "<group>"; };
		CCC680D01B129A620007DD85 /* calendarController.h */ = {isa = PBXFileReference; fileEncoding = 4; lastKnownFileType = sourcecode.c.h; path = calendarController.h; sourceTree = "<group>"; };
		CCC680D11B129A620007DD85 /* calendarController.m */ = {isa = PBXFileReference; fileEncoding = 4; lastKnownFileType = sourcecode.c.objc; path = calendarController.m; sourceTree = "<group>"; };
		CCC680D91B129E320007DD85 /* Bolts.framework */ = {isa = PBXFileReference; lastKnownFileType = wrapper.framework; path = Bolts.framework; sourceTree = "<group>"; };
		CCC680DA1B129E320007DD85 /* Parse.framework */ = {isa = PBXFileReference; lastKnownFileType = wrapper.framework; path = Parse.framework; sourceTree = "<group>"; };
		CCC680E51B129FE70007DD85 /* ParseUI.framework */ = {isa = PBXFileReference; lastKnownFileType = wrapper.framework; path = ParseUI.framework; sourceTree = "<group>"; };
		CCC680E71B12CA430007DD85 /* eventsViewController.h */ = {isa = PBXFileReference; fileEncoding = 4; lastKnownFileType = sourcecode.c.h; path = eventsViewController.h; sourceTree = "<group>"; };
		CCC680E81B12CA430007DD85 /* eventsViewController.m */ = {isa = PBXFileReference; fileEncoding = 4; lastKnownFileType = sourcecode.c.objc; path = eventsViewController.m; sourceTree = "<group>"; };
		CCDB3B601B12FC3200A68DCB /* eventViewCell.h */ = {isa = PBXFileReference; fileEncoding = 4; lastKnownFileType = sourcecode.c.h; path = eventViewCell.h; sourceTree = "<group>"; };
		CCDB3B611B12FC3200A68DCB /* eventViewCell.m */ = {isa = PBXFileReference; fileEncoding = 4; lastKnownFileType = sourcecode.c.objc; path = eventViewCell.m; sourceTree = "<group>"; };
		CCDB3B6C1B13FFCC00A68DCB /* addEventTableViewController.h */ = {isa = PBXFileReference; fileEncoding = 4; lastKnownFileType = sourcecode.c.h; path = addEventTableViewController.h; sourceTree = "<group>"; };
		CCDB3B6D1B13FFCC00A68DCB /* addEventTableViewController.m */ = {isa = PBXFileReference; fileEncoding = 4; lastKnownFileType = sourcecode.c.objc; path = addEventTableViewController.m; sourceTree = "<group>"; };
		CCDBB61B1B1924D4007C2E81 /* ParsingHandle.h */ = {isa = PBXFileReference; fileEncoding = 4; lastKnownFileType = sourcecode.c.h; path = ParsingHandle.h; sourceTree = "<group>"; };
		CCDBB61C1B1924D4007C2E81 /* ParsingHandle.m */ = {isa = PBXFileReference; fileEncoding = 4; lastKnownFileType = sourcecode.c.objc; path = ParsingHandle.m; sourceTree = "<group>"; };
		CCE344171B1BB02B001FB58F /* calendarTableViewCell.h */ = {isa = PBXFileReference; fileEncoding = 4; lastKnownFileType = sourcecode.c.h; path = calendarTableViewCell.h; sourceTree = "<group>"; };
		CCE344181B1BB02B001FB58F /* calendarTableViewCell.m */ = {isa = PBXFileReference; fileEncoding = 4; lastKnownFileType = sourcecode.c.objc; path = calendarTableViewCell.m; sourceTree = "<group>"; };
		CCE3441A1B1BB7FB001FB58F /* EventKit.framework */ = {isa = PBXFileReference; lastKnownFileType = wrapper.framework; name = EventKit.framework; path = System/Library/Frameworks/EventKit.framework; sourceTree = SDKROOT; };
		CCE3441C1B1BB805001FB58F /* EventKitUI.framework */ = {isa = PBXFileReference; lastKnownFileType = wrapper.framework; name = EventKitUI.framework; path = System/Library/Frameworks/EventKitUI.framework; sourceTree = SDKROOT; };
		CCF0A4491B0BEEB8002F619B /* socialCalendar.app */ = {isa = PBXFileReference; explicitFileType = wrapper.application; includeInIndex = 0; path = socialCalendar.app; sourceTree = BUILT_PRODUCTS_DIR; };
		CCF0A44D1B0BEEB8002F619B /* Info.plist */ = {isa = PBXFileReference; lastKnownFileType = text.plist.xml; path = Info.plist; sourceTree = "<group>"; };
		CCF0A44E1B0BEEB8002F619B /* main.m */ = {isa = PBXFileReference; lastKnownFileType = sourcecode.c.objc; path = main.m; sourceTree = "<group>"; };
		CCF0A4501B0BEEB8002F619B /* AppDelegate.h */ = {isa = PBXFileReference; lastKnownFileType = sourcecode.c.h; path = AppDelegate.h; sourceTree = "<group>"; };
		CCF0A4511B0BEEB8002F619B /* AppDelegate.m */ = {isa = PBXFileReference; lastKnownFileType = sourcecode.c.objc; path = AppDelegate.m; sourceTree = "<group>"; };
		CCF0A4571B0BEEB8002F619B /* Base */ = {isa = PBXFileReference; lastKnownFileType = file.storyboard; name = Base; path = Base.lproj/Main.storyboard; sourceTree = "<group>"; };
		CCF0A4591B0BEEB8002F619B /* Images.xcassets */ = {isa = PBXFileReference; lastKnownFileType = folder.assetcatalog; path = Images.xcassets; sourceTree = "<group>"; };
		CCF0A45C1B0BEEB8002F619B /* Base */ = {isa = PBXFileReference; lastKnownFileType = file.xib; name = Base; path = Base.lproj/LaunchScreen.xib; sourceTree = "<group>"; };
		CCF0A4621B0BEEB8002F619B /* socialCalendarTests.xctest */ = {isa = PBXFileReference; explicitFileType = wrapper.cfbundle; includeInIndex = 0; path = socialCalendarTests.xctest; sourceTree = BUILT_PRODUCTS_DIR; };
		CCF0A4671B0BEEB8002F619B /* Info.plist */ = {isa = PBXFileReference; lastKnownFileType = text.plist.xml; path = Info.plist; sourceTree = "<group>"; };
		CCF0A4681B0BEEB8002F619B /* socialCalendarTests.m */ = {isa = PBXFileReference; lastKnownFileType = sourcecode.c.objc; path = socialCalendarTests.m; sourceTree = "<group>"; };
		CCF0A47F1B0BF176002F619B /* AudioToolbox.framework */ = {isa = PBXFileReference; lastKnownFileType = wrapper.framework; name = AudioToolbox.framework; path = System/Library/Frameworks/AudioToolbox.framework; sourceTree = SDKROOT; };
		CCF0A4811B0BF1C4002F619B /* Accounts.framework */ = {isa = PBXFileReference; lastKnownFileType = wrapper.framework; name = Accounts.framework; path = System/Library/Frameworks/Accounts.framework; sourceTree = SDKROOT; };
		CCF0A4831B0BF1CD002F619B /* CFNetwork.framework */ = {isa = PBXFileReference; lastKnownFileType = wrapper.framework; name = CFNetwork.framework; path = System/Library/Frameworks/CFNetwork.framework; sourceTree = SDKROOT; };
		CCF0A4851B0BF1D5002F619B /* CoreGraphics.framework */ = {isa = PBXFileReference; lastKnownFileType = wrapper.framework; name = CoreGraphics.framework; path = System/Library/Frameworks/CoreGraphics.framework; sourceTree = SDKROOT; };
		CCF0A4871B0BF1DB002F619B /* CoreLocation.framework */ = {isa = PBXFileReference; lastKnownFileType = wrapper.framework; name = CoreLocation.framework; path = System/Library/Frameworks/CoreLocation.framework; sourceTree = SDKROOT; };
		CCF0A4891B0BF1E4002F619B /* MobileCoreServices.framework */ = {isa = PBXFileReference; lastKnownFileType = wrapper.framework; name = MobileCoreServices.framework; path = System/Library/Frameworks/MobileCoreServices.framework; sourceTree = SDKROOT; };
		CCF0A48B1B0BF1E9002F619B /* QuartzCore.framework */ = {isa = PBXFileReference; lastKnownFileType = wrapper.framework; name = QuartzCore.framework; path = System/Library/Frameworks/QuartzCore.framework; sourceTree = SDKROOT; };
		CCF0A48D1B0BF1F2002F619B /* Security.framework */ = {isa = PBXFileReference; lastKnownFileType = wrapper.framework; name = Security.framework; path = System/Library/Frameworks/Security.framework; sourceTree = SDKROOT; };
		CCF0A48F1B0BF1FD002F619B /* Social.framework */ = {isa = PBXFileReference; lastKnownFileType = wrapper.framework; name = Social.framework; path = System/Library/Frameworks/Social.framework; sourceTree = SDKROOT; };
		CCF0A4931B0BF20C002F619B /* SystemConfiguration.framework */ = {isa = PBXFileReference; lastKnownFileType = wrapper.framework; name = SystemConfiguration.framework; path = System/Library/Frameworks/SystemConfiguration.framework; sourceTree = SDKROOT; };
		CCF0A4951B0BF217002F619B /* libz.dylib */ = {isa = PBXFileReference; lastKnownFileType = "compiled.mach-o.dylib"; name = libz.dylib; path = usr/lib/libz.dylib; sourceTree = SDKROOT; };
		CCF0A4971B0BF21F002F619B /* libsqlite3.dylib */ = {isa = PBXFileReference; lastKnownFileType = "compiled.mach-o.dylib"; name = libsqlite3.dylib; path = usr/lib/libsqlite3.dylib; sourceTree = SDKROOT; };
		CCF0A4991B0BF3F8002F619B /* PrefixHeader.pch */ = {isa = PBXFileReference; fileEncoding = 4; lastKnownFileType = sourcecode.c.h; path = PrefixHeader.pch; sourceTree = "<group>"; };
		DDC571271B6586F10043AC40 /* logo.png */ = {isa = PBXFileReference; lastKnownFileType = image.png; path = logo.png; sourceTree = "<group>"; };
		DDC5712A1B65876D0043AC40 /* SCLoginViewController.h */ = {isa = PBXFileReference; fileEncoding = 4; lastKnownFileType = sourcecode.c.h; path = SCLoginViewController.h; sourceTree = "<group>"; };
		DDC5712B1B65876D0043AC40 /* SCLoginViewController.m */ = {isa = PBXFileReference; fileEncoding = 4; lastKnownFileType = sourcecode.c.objc; path = SCLoginViewController.m; sourceTree = "<group>"; };
		DDC5712D1B65878C0043AC40 /* SCSignUpViewController.h */ = {isa = PBXFileReference; fileEncoding = 4; lastKnownFileType = sourcecode.c.h; path = SCSignUpViewController.h; sourceTree = "<group>"; };
		DDC5712E1B65878C0043AC40 /* SCSignUpViewController.m */ = {isa = PBXFileReference; fileEncoding = 4; lastKnownFileType = sourcecode.c.objc; path = SCSignUpViewController.m; sourceTree = "<group>"; };
		DDC571321B65CAA00043AC40 /* Base */ = {isa = PBXFileReference; lastKnownFileType = text.plist.strings; name = Base; path = Base.lproj/TOCropViewControllerLocalizable.strings; sourceTree = "<group>"; };
		DDC571331B65CAA00043AC40 /* de */ = {isa = PBXFileReference; lastKnownFileType = text.plist.strings; name = de; path = de.lproj/TOCropViewControllerLocalizable.strings; sourceTree = "<group>"; };
		DDC571341B65CAA00043AC40 /* en */ = {isa = PBXFileReference; lastKnownFileType = text.plist.strings; name = en; path = en.lproj/TOCropViewControllerLocalizable.strings; sourceTree = "<group>"; };
		DDC571351B65CAA00043AC40 /* es */ = {isa = PBXFileReference; lastKnownFileType = text.plist.strings; name = es; path = es.lproj/TOCropViewControllerLocalizable.strings; sourceTree = "<group>"; };
		DDC571361B65CAA00043AC40 /* fr */ = {isa = PBXFileReference; lastKnownFileType = text.plist.strings; name = fr; path = fr.lproj/TOCropViewControllerLocalizable.strings; sourceTree = "<group>"; };
		DDC571371B65CAA00043AC40 /* id */ = {isa = PBXFileReference; lastKnownFileType = text.plist.strings; name = id; path = id.lproj/TOCropViewControllerLocalizable.strings; sourceTree = "<group>"; };
		DDC571381B65CAA00043AC40 /* it */ = {isa = PBXFileReference; lastKnownFileType = text.plist.strings; name = it; path = it.lproj/TOCropViewControllerLocalizable.strings; sourceTree = "<group>"; };
		DDC571391B65CAA00043AC40 /* ja */ = {isa = PBXFileReference; lastKnownFileType = text.plist.strings; name = ja; path = ja.lproj/TOCropViewControllerLocalizable.strings; sourceTree = "<group>"; };
		DDC5713A1B65CAA00043AC40 /* ko */ = {isa = PBXFileReference; lastKnownFileType = text.plist.strings; name = ko; path = ko.lproj/TOCropViewControllerLocalizable.strings; sourceTree = "<group>"; };
		DDC5713C1B65CAA00043AC40 /* TOActivityCroppedImageProvider.h */ = {isa = PBXFileReference; fileEncoding = 4; lastKnownFileType = sourcecode.c.h; path = TOActivityCroppedImageProvider.h; sourceTree = "<group>"; };
		DDC5713D1B65CAA00043AC40 /* TOActivityCroppedImageProvider.m */ = {isa = PBXFileReference; fileEncoding = 4; lastKnownFileType = sourcecode.c.objc; path = TOActivityCroppedImageProvider.m; sourceTree = "<group>"; };
		DDC5713E1B65CAA00043AC40 /* TOCroppedImageAttributes.h */ = {isa = PBXFileReference; fileEncoding = 4; lastKnownFileType = sourcecode.c.h; path = TOCroppedImageAttributes.h; sourceTree = "<group>"; };
		DDC5713F1B65CAA00043AC40 /* TOCroppedImageAttributes.m */ = {isa = PBXFileReference; fileEncoding = 4; lastKnownFileType = sourcecode.c.objc; path = TOCroppedImageAttributes.m; sourceTree = "<group>"; };
		DDC571401B65CAA00043AC40 /* TOCropViewControllerTransitioning.h */ = {isa = PBXFileReference; fileEncoding = 4; lastKnownFileType = sourcecode.c.h; path = TOCropViewControllerTransitioning.h; sourceTree = "<group>"; };
		DDC571411B65CAA00043AC40 /* TOCropViewControllerTransitioning.m */ = {isa = PBXFileReference; fileEncoding = 4; lastKnownFileType = sourcecode.c.objc; path = TOCropViewControllerTransitioning.m; sourceTree = "<group>"; };
		DDC571421B65CAA00043AC40 /* UIImage+CropRotate.h */ = {isa = PBXFileReference; fileEncoding = 4; lastKnownFileType = sourcecode.c.h; path = "UIImage+CropRotate.h"; sourceTree = "<group>"; };
		DDC571431B65CAA00043AC40 /* UIImage+CropRotate.m */ = {isa = PBXFileReference; fileEncoding = 4; lastKnownFileType = sourcecode.c.objc; path = "UIImage+CropRotate.m"; sourceTree = "<group>"; };
		DDC571441B65CAA00043AC40 /* nl */ = {isa = PBXFileReference; lastKnownFileType = text.plist.strings; name = nl; path = nl.lproj/TOCropViewControllerLocalizable.strings; sourceTree = "<group>"; };
		DDC571451B65CAA00043AC40 /* pl */ = {isa = PBXFileReference; lastKnownFileType = text.plist.strings; name = pl; path = pl.lproj/TOCropViewControllerLocalizable.strings; sourceTree = "<group>"; };
		DDC571461B65CAA00043AC40 /* pt */ = {isa = PBXFileReference; lastKnownFileType = text.plist.strings; name = pt; path = pt.lproj/TOCropViewControllerLocalizable.strings; sourceTree = "<group>"; };
		DDC571471B65CAA00043AC40 /* ru */ = {isa = PBXFileReference; lastKnownFileType = text.plist.strings; name = ru; path = ru.lproj/TOCropViewControllerLocalizable.strings; sourceTree = "<group>"; };
		DDC571481B65CAA00043AC40 /* TOCropViewController.h */ = {isa = PBXFileReference; fileEncoding = 4; lastKnownFileType = sourcecode.c.h; path = TOCropViewController.h; sourceTree = "<group>"; };
		DDC571491B65CAA00043AC40 /* TOCropViewController.m */ = {isa = PBXFileReference; fileEncoding = 4; lastKnownFileType = sourcecode.c.objc; path = TOCropViewController.m; sourceTree = "<group>"; };
		DDC5714B1B65CAA00043AC40 /* TOCropOverlayView.h */ = {isa = PBXFileReference; fileEncoding = 4; lastKnownFileType = sourcecode.c.h; path = TOCropOverlayView.h; sourceTree = "<group>"; };
		DDC5714C1B65CAA00043AC40 /* TOCropOverlayView.m */ = {isa = PBXFileReference; fileEncoding = 4; lastKnownFileType = sourcecode.c.objc; path = TOCropOverlayView.m; sourceTree = "<group>"; };
		DDC5714D1B65CAA00043AC40 /* TOCropScrollView.h */ = {isa = PBXFileReference; fileEncoding = 4; lastKnownFileType = sourcecode.c.h; path = TOCropScrollView.h; sourceTree = "<group>"; };
		DDC5714E1B65CAA00043AC40 /* TOCropScrollView.m */ = {isa = PBXFileReference; fileEncoding = 4; lastKnownFileType = sourcecode.c.objc; path = TOCropScrollView.m; sourceTree = "<group>"; };
		DDC5714F1B65CAA00043AC40 /* TOCropToolbar.h */ = {isa = PBXFileReference; fileEncoding = 4; lastKnownFileType = sourcecode.c.h; path = TOCropToolbar.h; sourceTree = "<group>"; };
		DDC571501B65CAA00043AC40 /* TOCropToolbar.m */ = {isa = PBXFileReference; fileEncoding = 4; lastKnownFileType = sourcecode.c.objc; path = TOCropToolbar.m; sourceTree = "<group>"; };
		DDC571511B65CAA00043AC40 /* TOCropView.h */ = {isa = PBXFileReference; fileEncoding = 4; lastKnownFileType = sourcecode.c.h; path = TOCropView.h; sourceTree = "<group>"; };
		DDC571521B65CAA00043AC40 /* TOCropView.m */ = {isa = PBXFileReference; fileEncoding = 4; lastKnownFileType = sourcecode.c.objc; path = TOCropView.m; sourceTree = "<group>"; };
		DDC571531B65CAA00043AC40 /* zh-Hans */ = {isa = PBXFileReference; lastKnownFileType = text.plist.strings; name = "zh-Hans"; path = "zh-Hans.lproj/TOCropViewControllerLocalizable.strings"; sourceTree = "<group>"; };
		DDC571541B65CAA00043AC40 /* zh-Hant */ = {isa = PBXFileReference; lastKnownFileType = text.plist.strings; name = "zh-Hant"; path = "zh-Hant.lproj/TOCropViewControllerLocalizable.strings"; sourceTree = "<group>"; };
		DDC571671B65E6280043AC40 /* profileViewController.h */ = {isa = PBXFileReference; fileEncoding = 4; lastKnownFileType = sourcecode.c.h; path = profileViewController.h; sourceTree = "<group>"; };
		DDC571681B65E6280043AC40 /* profileViewController.m */ = {isa = PBXFileReference; fileEncoding = 4; lastKnownFileType = sourcecode.c.objc; path = profileViewController.m; sourceTree = "<group>"; };
		DDC5716C1B65E7C10043AC40 /* CSSectionHeader.h */ = {isa = PBXFileReference; fileEncoding = 4; lastKnownFileType = sourcecode.c.h; path = CSSectionHeader.h; sourceTree = "<group>"; };
		DDC5716D1B65E7C10043AC40 /* CSSectionHeader.m */ = {isa = PBXFileReference; fileEncoding = 4; lastKnownFileType = sourcecode.c.objc; path = CSSectionHeader.m; sourceTree = "<group>"; };
		DDC571701B65E8BA0043AC40 /* profileHeader.h */ = {isa = PBXFileReference; fileEncoding = 4; lastKnownFileType = sourcecode.c.h; path = profileHeader.h; sourceTree = "<group>"; };
		DDC571711B65E8BA0043AC40 /* profileHeader.m */ = {isa = PBXFileReference; fileEncoding = 4; lastKnownFileType = sourcecode.c.objc; path = profileHeader.m; sourceTree = "<group>"; };
		DDC571721B65E8BA0043AC40 /* profileHeader.xib */ = {isa = PBXFileReference; fileEncoding = 4; lastKnownFileType = file.xib; path = profileHeader.xib; sourceTree = "<group>"; };
		E0EDD79DA0424417BCB1D051 /* libPods-socialCalendar.a */ = {isa = PBXFileReference; explicitFileType = archive.ar; includeInIndex = 0; path = "libPods-socialCalendar.a"; sourceTree = BUILT_PRODUCTS_DIR; };
		FF0D8AF11B369AF100E1BE2D /* socialCalendar.entitlements */ = {isa = PBXFileReference; lastKnownFileType = text.xml; path = socialCalendar.entitlements; sourceTree = "<group>"; };
		FF1BE66C1B35FC7600AF8886 /* ProgressHUD.h */ = {isa = PBXFileReference; fileEncoding = 4; lastKnownFileType = sourcecode.c.h; path = ProgressHUD.h; sourceTree = "<group>"; };
		FF1BE66D1B35FC7600AF8886 /* ProgressHUD.m */ = {isa = PBXFileReference; fileEncoding = 4; lastKnownFileType = sourcecode.c.objc; path = ProgressHUD.m; sourceTree = "<group>"; };
		FF286BC71B51A7C600F7D166 /* eventDetailDataController.h */ = {isa = PBXFileReference; fileEncoding = 4; lastKnownFileType = sourcecode.c.h; path = eventDetailDataController.h; sourceTree = "<group>"; };
		FF286BC81B51A7C600F7D166 /* eventDetailDataController.m */ = {isa = PBXFileReference; fileEncoding = 4; lastKnownFileType = sourcecode.c.objc; path = eventDetailDataController.m; sourceTree = "<group>"; };
		FF286BCA1B51B51C00F7D166 /* SCEventNameTableViewCell.h */ = {isa = PBXFileReference; fileEncoding = 4; lastKnownFileType = sourcecode.c.h; path = SCEventNameTableViewCell.h; sourceTree = "<group>"; };
		FF286BCB1B51B51C00F7D166 /* SCEventNameTableViewCell.m */ = {isa = PBXFileReference; fileEncoding = 4; lastKnownFileType = sourcecode.c.objc; path = SCEventNameTableViewCell.m; sourceTree = "<group>"; };
		FF286BCC1B51B51C00F7D166 /* SCEventNameTableViewCell.xib */ = {isa = PBXFileReference; fileEncoding = 4; lastKnownFileType = file.xib; path = SCEventNameTableViewCell.xib; sourceTree = "<group>"; };
		FF286BCD1B51B51C00F7D166 /* SCEventAddressTableViewCell.h */ = {isa = PBXFileReference; fileEncoding = 4; lastKnownFileType = sourcecode.c.h; path = SCEventAddressTableViewCell.h; sourceTree = "<group>"; };
		FF286BCE1B51B51C00F7D166 /* SCEventAddressTableViewCell.m */ = {isa = PBXFileReference; fileEncoding = 4; lastKnownFileType = sourcecode.c.objc; path = SCEventAddressTableViewCell.m; sourceTree = "<group>"; };
		FF286BCF1B51B51C00F7D166 /* SCEventAddressTableViewCell.xib */ = {isa = PBXFileReference; fileEncoding = 4; lastKnownFileType = file.xib; path = SCEventAddressTableViewCell.xib; sourceTree = "<group>"; };
		FF286BD41B51BB2E00F7D166 /* SCConstants.h */ = {isa = PBXFileReference; lastKnownFileType = sourcecode.c.h; name = SCConstants.h; path = ../SCConstants.h; sourceTree = "<group>"; };
		FF286BDB1B52273E00F7D166 /* SCLocationManager.h */ = {isa = PBXFileReference; fileEncoding = 4; lastKnownFileType = sourcecode.c.h; path = SCLocationManager.h; sourceTree = "<group>"; };
		FF286BDC1B52273E00F7D166 /* SCLocationManager.m */ = {isa = PBXFileReference; fileEncoding = 4; lastKnownFileType = sourcecode.c.objc; path = SCLocationManager.m; sourceTree = "<group>"; };
		FF286BE11B522A1A00F7D166 /* SCEventMapController.h */ = {isa = PBXFileReference; fileEncoding = 4; lastKnownFileType = sourcecode.c.h; path = SCEventMapController.h; sourceTree = "<group>"; };
		FF286BE21B522A1A00F7D166 /* SCEventMapController.m */ = {isa = PBXFileReference; fileEncoding = 4; lastKnownFileType = sourcecode.c.objc; path = SCEventMapController.m; sourceTree = "<group>"; };
		FF353D9D1B5A1B7800DBA4A2 /* SVIndefiniteAnimatedView.h */ = {isa = PBXFileReference; fileEncoding = 4; lastKnownFileType = sourcecode.c.h; path = SVIndefiniteAnimatedView.h; sourceTree = "<group>"; };
		FF353D9E1B5A1B7800DBA4A2 /* SVIndefiniteAnimatedView.m */ = {isa = PBXFileReference; fileEncoding = 4; lastKnownFileType = sourcecode.c.objc; path = SVIndefiniteAnimatedView.m; sourceTree = "<group>"; };
		FF353D9F1B5A1B7800DBA4A2 /* SVProgressHUD-Prefix.pch */ = {isa = PBXFileReference; fileEncoding = 4; lastKnownFileType = sourcecode.c.h; path = "SVProgressHUD-Prefix.pch"; sourceTree = "<group>"; };
		FF353DA01B5A1B7800DBA4A2 /* SVProgressHUD.bundle */ = {isa = PBXFileReference; lastKnownFileType = "wrapper.plug-in"; path = SVProgressHUD.bundle; sourceTree = "<group>"; };
		FF353DA11B5A1B7800DBA4A2 /* SVProgressHUD.h */ = {isa = PBXFileReference; fileEncoding = 4; lastKnownFileType = sourcecode.c.h; path = SVProgressHUD.h; sourceTree = "<group>"; };
		FF353DA21B5A1B7800DBA4A2 /* SVProgressHUD.m */ = {isa = PBXFileReference; fileEncoding = 4; lastKnownFileType = sourcecode.c.objc; path = SVProgressHUD.m; sourceTree = "<group>"; };
		FF353DA71B5A296600DBA4A2 /* SCProfileInfoCell.h */ = {isa = PBXFileReference; fileEncoding = 4; lastKnownFileType = sourcecode.c.h; path = SCProfileInfoCell.h; sourceTree = "<group>"; };
		FF353DA81B5A296600DBA4A2 /* SCProfileInfoCell.m */ = {isa = PBXFileReference; fileEncoding = 4; lastKnownFileType = sourcecode.c.objc; path = SCProfileInfoCell.m; sourceTree = "<group>"; };
		FF353DA91B5A296600DBA4A2 /* SCProfileInfoCell.xib */ = {isa = PBXFileReference; fileEncoding = 4; lastKnownFileType = file.xib; path = SCProfileInfoCell.xib; sourceTree = "<group>"; };
		FF353DAC1B5A488300DBA4A2 /* BentonSans-Light.otf */ = {isa = PBXFileReference; lastKnownFileType = file; path = "BentonSans-Light.otf"; sourceTree = "<group>"; };
		FF353DAD1B5A488300DBA4A2 /* BentonSans-Medium.otf */ = {isa = PBXFileReference; lastKnownFileType = file; path = "BentonSans-Medium.otf"; sourceTree = "<group>"; };
		FF353DAE1B5A488300DBA4A2 /* BentonSans-Regular.otf */ = {isa = PBXFileReference; lastKnownFileType = file; path = "BentonSans-Regular.otf"; sourceTree = "<group>"; };
		FF353DB41B5B0FAA00DBA4A2 /* UIFont+OpenForum.h */ = {isa = PBXFileReference; fileEncoding = 4; lastKnownFileType = sourcecode.c.h; path = "UIFont+OpenForum.h"; sourceTree = "<group>"; };
		FF353DB51B5B0FAA00DBA4A2 /* UIFont+OpenForum.m */ = {isa = PBXFileReference; fileEncoding = 4; lastKnownFileType = sourcecode.c.objc; path = "UIFont+OpenForum.m"; sourceTree = "<group>"; };
		FF353DB71B5B253500DBA4A2 /* BentonSans-ExtraLight.otf */ = {isa = PBXFileReference; lastKnownFileType = file; path = "BentonSans-ExtraLight.otf"; sourceTree = "<group>"; };
		FF353DC61B5C30FB00DBA4A2 /* SCAlertViewDataController.h */ = {isa = PBXFileReference; fileEncoding = 4; lastKnownFileType = sourcecode.c.h; path = SCAlertViewDataController.h; sourceTree = "<group>"; };
		FF353DC71B5C30FB00DBA4A2 /* SCAlertViewDataController.m */ = {isa = PBXFileReference; fileEncoding = 4; lastKnownFileType = sourcecode.c.objc; path = SCAlertViewDataController.m; sourceTree = "<group>"; };
		FF353DCC1B5C4DF300DBA4A2 /* Region.storyboard */ = {isa = PBXFileReference; fileEncoding = 4; lastKnownFileType = file.storyboard; path = Region.storyboard; sourceTree = "<group>"; };
		FF353DCE1B5C608900DBA4A2 /* regionSelectionTableViewController.h */ = {isa = PBXFileReference; fileEncoding = 4; lastKnownFileType = sourcecode.c.h; path = regionSelectionTableViewController.h; sourceTree = "<group>"; };
		FF353DCF1B5C608900DBA4A2 /* regionSelectionTableViewController.m */ = {isa = PBXFileReference; fileEncoding = 4; lastKnownFileType = sourcecode.c.objc; path = regionSelectionTableViewController.m; sourceTree = "<group>"; };
		FF39EC471B57516B007FA3FB /* LPBannerView.xib */ = {isa = PBXFileReference; fileEncoding = 4; lastKnownFileType = file.xib; path = LPBannerView.xib; sourceTree = "<group>"; };
		FF39EC481B57516B007FA3FB /* LPBannerView.h */ = {isa = PBXFileReference; fileEncoding = 4; lastKnownFileType = sourcecode.c.h; path = LPBannerView.h; sourceTree = "<group>"; };
		FF39EC491B57516B007FA3FB /* LPBannerView.m */ = {isa = PBXFileReference; fileEncoding = 4; lastKnownFileType = sourcecode.c.objc; path = LPBannerView.m; sourceTree = "<group>"; };
		FF39EC4D1B575190007FA3FB /* LPNetworkingManager.h */ = {isa = PBXFileReference; fileEncoding = 4; lastKnownFileType = sourcecode.c.h; path = LPNetworkingManager.h; sourceTree = "<group>"; };
		FF39EC4E1B575190007FA3FB /* LPNetworkingManager.m */ = {isa = PBXFileReference; fileEncoding = 4; lastKnownFileType = sourcecode.c.objc; path = LPNetworkingManager.m; sourceTree = "<group>"; };
		FF39EC501B5751B9007FA3FB /* UIView+LoadNib.h */ = {isa = PBXFileReference; fileEncoding = 4; lastKnownFileType = sourcecode.c.h; path = "UIView+LoadNib.h"; sourceTree = "<group>"; };
		FF39EC511B5751B9007FA3FB /* UIView+LoadNib.m */ = {isa = PBXFileReference; fileEncoding = 4; lastKnownFileType = sourcecode.c.objc; path = "UIView+LoadNib.m"; sourceTree = "<group>"; };
		FF5DC0E71B49D342006369C9 /* StoreKit.framework */ = {isa = PBXFileReference; lastKnownFileType = wrapper.framework; name = StoreKit.framework; path = System/Library/Frameworks/StoreKit.framework; sourceTree = SDKROOT; };
		FFC5B1C11B63517400A72286 /* UITabBarController+TabBarVisibility.h */ = {isa = PBXFileReference; fileEncoding = 4; lastKnownFileType = sourcecode.c.h; path = "UITabBarController+TabBarVisibility.h"; sourceTree = "<group>"; };
		FFC5B1C21B63517400A72286 /* UITabBarController+TabBarVisibility.m */ = {isa = PBXFileReference; fileEncoding = 4; lastKnownFileType = sourcecode.c.objc; path = "UITabBarController+TabBarVisibility.m"; sourceTree = "<group>"; };
		FFC5B1C41B65562900A72286 /* SCTextSwitchCollectionViewCell.xib */ = {isa = PBXFileReference; fileEncoding = 4; lastKnownFileType = file.xib; path = SCTextSwitchCollectionViewCell.xib; sourceTree = "<group>"; };
		FFC5B1C51B65562900A72286 /* SCTextSwitchCollectionViewCell.h */ = {isa = PBXFileReference; fileEncoding = 4; lastKnownFileType = sourcecode.c.h; path = SCTextSwitchCollectionViewCell.h; sourceTree = "<group>"; };
		FFC5B1C61B65562900A72286 /* SCTextSwitchCollectionViewCell.m */ = {isa = PBXFileReference; fileEncoding = 4; lastKnownFileType = sourcecode.c.objc; path = SCTextSwitchCollectionViewCell.m; sourceTree = "<group>"; };
		FFC5B1C91B6562FF00A72286 /* SCHelperMethods.h */ = {isa = PBXFileReference; fileEncoding = 4; lastKnownFileType = sourcecode.c.h; name = SCHelperMethods.h; path = socialCalendar/SCHelperMethods.h; sourceTree = "<group>"; };
		FFC5B1CA1B6562FF00A72286 /* SCHelperMethods.m */ = {isa = PBXFileReference; fileEncoding = 4; lastKnownFileType = sourcecode.c.objc; name = SCHelperMethods.m; path = socialCalendar/SCHelperMethods.m; sourceTree = "<group>"; };
		FFDB42861B47B49900785D6A /* popingViewController.h */ = {isa = PBXFileReference; fileEncoding = 4; lastKnownFileType = sourcecode.c.h; path = popingViewController.h; sourceTree = "<group>"; };
		FFDB42871B47B49900785D6A /* popingViewController.m */ = {isa = PBXFileReference; fileEncoding = 4; lastKnownFileType = sourcecode.c.objc; path = popingViewController.m; sourceTree = "<group>"; };
		FFDB428A1B47B50200785D6A /* UIColor+CustomColors.h */ = {isa = PBXFileReference; fileEncoding = 4; lastKnownFileType = sourcecode.c.h; path = "UIColor+CustomColors.h"; sourceTree = "<group>"; };
		FFDB428B1B47B50200785D6A /* UIColor+CustomColors.m */ = {isa = PBXFileReference; fileEncoding = 4; lastKnownFileType = sourcecode.c.objc; path = "UIColor+CustomColors.m"; sourceTree = "<group>"; };
		FFDB428E1B47B6DC00785D6A /* PresentingAnimator.h */ = {isa = PBXFileReference; fileEncoding = 4; lastKnownFileType = sourcecode.c.h; path = PresentingAnimator.h; sourceTree = "<group>"; };
		FFDB428F1B47B6DC00785D6A /* PresentingAnimator.m */ = {isa = PBXFileReference; fileEncoding = 4; lastKnownFileType = sourcecode.c.objc; path = PresentingAnimator.m; sourceTree = "<group>"; };
		FFDB42931B47B71F00785D6A /* DismissingAnimator.h */ = {isa = PBXFileReference; fileEncoding = 4; lastKnownFileType = sourcecode.c.h; path = DismissingAnimator.h; sourceTree = "<group>"; };
		FFDB42941B47B71F00785D6A /* DismissingAnimator.m */ = {isa = PBXFileReference; fileEncoding = 4; lastKnownFileType = sourcecode.c.objc; path = DismissingAnimator.m; sourceTree = "<group>"; };
		FFDB42971B48491D00785D6A /* expireMarkingView.h */ = {isa = PBXFileReference; fileEncoding = 4; lastKnownFileType = sourcecode.c.h; path = expireMarkingView.h; sourceTree = "<group>"; };
		FFDB42981B48491D00785D6A /* expireMarkingView.m */ = {isa = PBXFileReference; fileEncoding = 4; lastKnownFileType = sourcecode.c.objc; path = expireMarkingView.m; sourceTree = "<group>"; };
		FFF2B9B21B4B1CEE0039F9BB /* eventDetail.storyboard */ = {isa = PBXFileReference; fileEncoding = 4; lastKnownFileType = file.storyboard; path = eventDetail.storyboard; sourceTree = "<group>"; };
		FFF2B9B41B4B2CB10039F9BB /* SCEventInfoViewController.h */ = {isa = PBXFileReference; fileEncoding = 4; lastKnownFileType = sourcecode.c.h; path = SCEventInfoViewController.h; sourceTree = "<group>"; };
		FFF2B9B51B4B2CB10039F9BB /* SCEventInfoViewController.m */ = {isa = PBXFileReference; fileEncoding = 4; lastKnownFileType = sourcecode.c.objc; path = SCEventInfoViewController.m; sourceTree = "<group>"; };
		FFFB6E3B1B55FB1E00409BCE /* SCEventHourCell.h */ = {isa = PBXFileReference; fileEncoding = 4; lastKnownFileType = sourcecode.c.h; path = SCEventHourCell.h; sourceTree = "<group>"; };
		FFFB6E3C1B55FB1E00409BCE /* SCEventHourCell.m */ = {isa = PBXFileReference; fileEncoding = 4; lastKnownFileType = sourcecode.c.objc; path = SCEventHourCell.m; sourceTree = "<group>"; };
		FFFB6E3E1B55FB1E00409BCE /* SCEventHoursTableViewCell.h */ = {isa = PBXFileReference; fileEncoding = 4; lastKnownFileType = sourcecode.c.h; path = SCEventHoursTableViewCell.h; sourceTree = "<group>"; };
		FFFB6E3F1B55FB1E00409BCE /* SCEventHoursTableViewCell.m */ = {isa = PBXFileReference; fileEncoding = 4; lastKnownFileType = sourcecode.c.objc; path = SCEventHoursTableViewCell.m; sourceTree = "<group>"; };
		FFFB6E401B55FB1E00409BCE /* SCEventHoursTableViewCell.xib */ = {isa = PBXFileReference; fileEncoding = 4; lastKnownFileType = file.xib; path = SCEventHoursTableViewCell.xib; sourceTree = "<group>"; };
		FFFB6E451B561FE300409BCE /* SCEventHourCell.xib */ = {isa = PBXFileReference; fileEncoding = 4; lastKnownFileType = file.xib; path = SCEventHourCell.xib; sourceTree = "<group>"; };
/* End PBXFileReference section */

/* Begin PBXFrameworksBuildPhase section */
		CCF0A4461B0BEEB8002F619B /* Frameworks */ = {
			isa = PBXFrameworksBuildPhase;
			buildActionMask = 2147483647;
			files = (
				CCB5A0221B25F9240050352D /* libc++.dylib in Frameworks */,
				CCB5A0161B25E90C0050352D /* MessageUI.framework in Frameworks */,
				CCB5A0141B25DE7A0050352D /* MediaPlayer.framework in Frameworks */,
				CCB5A0121B25DE730050352D /* CoreText.framework in Frameworks */,
				CCF0A4861B0BF1D5002F619B /* CoreGraphics.framework in Frameworks */,
				CCB5A0101B25DE5F0050352D /* CoreMotion.framework in Frameworks */,
				CCB5A00E1B25DE4F0050352D /* AssetsLibrary.framework in Frameworks */,
				CCB5A00C1B25DE460050352D /* AddressBook.framework in Frameworks */,
				CCE3441D1B1BB805001FB58F /* EventKitUI.framework in Frameworks */,
				CCE3441B1B1BB7FB001FB58F /* EventKit.framework in Frameworks */,
				CCC680DF1B129E320007DD85 /* Bolts.framework in Frameworks */,
				CCF0A4901B0BF1FD002F619B /* Social.framework in Frameworks */,
				CCF0A4801B0BF176002F619B /* AudioToolbox.framework in Frameworks */,
				CCB5A0261B2626C80050352D /* libWeChatSDK.a in Frameworks */,
				CCF0A4841B0BF1CD002F619B /* CFNetwork.framework in Frameworks */,
				CC81CD121B14F43B0039EA60 /* MapKit.framework in Frameworks */,
				CCF0A4881B0BF1DB002F619B /* CoreLocation.framework in Frameworks */,
				CCC680E01B129E320007DD85 /* Parse.framework in Frameworks */,
				CCF0A48A1B0BF1E4002F619B /* MobileCoreServices.framework in Frameworks */,
				CCF0A48C1B0BF1E9002F619B /* QuartzCore.framework in Frameworks */,
				CCC680E61B129FE70007DD85 /* ParseUI.framework in Frameworks */,
				CCF0A48E1B0BF1F2002F619B /* Security.framework in Frameworks */,
				CCF0A4941B0BF20C002F619B /* SystemConfiguration.framework in Frameworks */,
				CCF0A4961B0BF217002F619B /* libz.dylib in Frameworks */,
				CCF0A4981B0BF21F002F619B /* libsqlite3.dylib in Frameworks */,
				CCF0A4821B0BF1C4002F619B /* Accounts.framework in Frameworks */,
				D65661636D9610AC9C3A8E9C /* libPods-socialCalendar.a in Frameworks */,
			);
			runOnlyForDeploymentPostprocessing = 0;
		};
		CCF0A45F1B0BEEB8002F619B /* Frameworks */ = {
			isa = PBXFrameworksBuildPhase;
			buildActionMask = 2147483647;
			files = (
			);
			runOnlyForDeploymentPostprocessing = 0;
		};
/* End PBXFrameworksBuildPhase section */

/* Begin PBXGroup section */
		3B3BF40A9BD91DD4F6C67AA0 /* Pods */ = {
			isa = PBXGroup;
			children = (
				30F1B6E1F8520A242EE2DB5A /* Pods-socialCalendar.debug.xcconfig */,
				008107CB8CF00338DC111110 /* Pods-socialCalendar.release.xcconfig */,
			);
			name = Pods;
			sourceTree = "<group>";
		};
		CC579CAE1B18030200115705 /* eventDetailScene */ = {
			isa = PBXGroup;
			children = (
				FFF2B9B71B4B30550039F9BB /* eventDetailCell */,
				FFF2B9B21B4B1CEE0039F9BB /* eventDetail.storyboard */,
				FFF2B9B41B4B2CB10039F9BB /* SCEventInfoViewController.h */,
				FFF2B9B51B4B2CB10039F9BB /* SCEventInfoViewController.m */,
				FF286BC71B51A7C600F7D166 /* eventDetailDataController.h */,
				FF286BC81B51A7C600F7D166 /* eventDetailDataController.m */,
				FF286BE11B522A1A00F7D166 /* SCEventMapController.h */,
				FF286BE21B522A1A00F7D166 /* SCEventMapController.m */,
			);
			name = eventDetailScene;
			sourceTree = "<group>";
		};
		CC81CD161B1541B80039EA60 /* model */ = {
			isa = PBXGroup;
			children = (
				CC81CD171B1541E00039EA60 /* eventObject.h */,
				CC81CD181B1541E00039EA60 /* eventObject.m */,
			);
			name = model;
			sourceTree = "<group>";
		};
		CCB59FE91B2031820050352D /* userListScene */ = {
			isa = PBXGroup;
			children = (
				CCB59FEA1B2031E40050352D /* FacebookStyleViewController.h */,
				CCB59FEB1B2031E40050352D /* FacebookStyleViewController.m */,
				CCB59FEC1B2031E40050352D /* FacebookStyleBar.h */,
				CCB59FED1B2031E40050352D /* FacebookStyleBar.m */,
				CCB59FF61B20F4A90050352D /* userTableViewCell.h */,
				CCB59FF71B20F4A90050352D /* userTableViewCell.m */,
			);
			name = userListScene;
			path = ..;
			sourceTree = "<group>";
		};
		CCB59FF91B2118CA0050352D /* userList */ = {
			isa = PBXGroup;
			children = (
				CCB59FFA1B2119010050352D /* userTableViewController.h */,
				CCB59FFB1B2119010050352D /* userTableViewController.m */,
				CCB59FFD1B212CE20050352D /* listTableViewCell.h */,
				CCB59FFE1B212CE20050352D /* listTableViewCell.m */,
			);
			name = userList;
			path = ..;
			sourceTree = "<group>";
		};
		CCB5A0271B262AFB0050352D /* friendsInvitingScene */ = {
			isa = PBXGroup;
			children = (
				CCB5A0041B2558E80050352D /* friendsPickingTableViewController.h */,
				CCB5A0051B2558E80050352D /* friendsPickingTableViewController.m */,
			);
			name = friendsInvitingScene;
			path = ..;
			sourceTree = "<group>";
		};
		CCB5A0281B2643720050352D /* splashScreen */ = {
			isa = PBXGroup;
			children = (
				CCB5A02A1B2643BC0050352D /* ViewController.swift */,
				CCB5A02B1B2643BC0050352D /* RMParallaxItem.swift */,
				CCB5A02C1B2643BC0050352D /* RMParallax.swift */,
				CCB5A0291B2643BA0050352D /* socialCalendar-Bridging-Header.h */,
			);
			name = splashScreen;
			sourceTree = "<group>";
		};
		CCDB3B5F1B12FBD200A68DCB /* myEventsScene */ = {
			isa = PBXGroup;
			children = (
				CCC680E71B12CA430007DD85 /* eventsViewController.h */,
				CCC680E81B12CA430007DD85 /* eventsViewController.m */,
				CCDB3B601B12FC3200A68DCB /* eventViewCell.h */,
				CCDB3B611B12FC3200A68DCB /* eventViewCell.m */,
			);
			name = myEventsScene;
			sourceTree = "<group>";
		};
		CCDB3B631B13F93C00A68DCB /* addEventScene */ = {
			isa = PBXGroup;
			children = (
				CCDB3B6C1B13FFCC00A68DCB /* addEventTableViewController.h */,
				CCDB3B6D1B13FFCC00A68DCB /* addEventTableViewController.m */,
				CC81CD0B1B1448A00039EA60 /* mapViewController.h */,
				CC81CD0C1B1448A00039EA60 /* mapViewController.m */,
				CC81CD0E1B1448FD0039EA60 /* MyLocation.h */,
				CC81CD0F1B1448FD0039EA60 /* MyLocation.m */,
				CC81CD131B1535330039EA60 /* KLCPopup.h */,
				CC81CD141B1535330039EA60 /* KLCPopup.m */,
			);
			name = addEventScene;
			sourceTree = "<group>";
		};
		CCDBB61A1B192490007C2E81 /* parseHandling */ = {
			isa = PBXGroup;
			children = (
				CCDBB61B1B1924D4007C2E81 /* ParsingHandle.h */,
				CCDBB61C1B1924D4007C2E81 /* ParsingHandle.m */,
			);
			name = parseHandling;
			sourceTree = "<group>";
		};
		CCE344161B1BA150001FB58F /* calendarScene */ = {
			isa = PBXGroup;
			children = (
				CCC680D01B129A620007DD85 /* calendarController.h */,
				CCC680D11B129A620007DD85 /* calendarController.m */,
				CCE344171B1BB02B001FB58F /* calendarTableViewCell.h */,
				CCE344181B1BB02B001FB58F /* calendarTableViewCell.m */,
			);
			name = calendarScene;
			sourceTree = "<group>";
		};
		CCF0A4401B0BEEB8002F619B = {
			isa = PBXGroup;
			children = (
				FFC5B1C91B6562FF00A72286 /* SCHelperMethods.h */,
				FFC5B1CA1B6562FF00A72286 /* SCHelperMethods.m */,
				DDC571291B65873E0043AC40 /* login&signup */,
				CCF0A4721B0BF14F002F619B /* Framework */,
				CCF0A44B1B0BEEB8002F619B /* socialCalendar */,
				CCF0A4651B0BEEB8002F619B /* socialCalendarTests */,
				CCF0A44A1B0BEEB8002F619B /* Products */,
				3B3BF40A9BD91DD4F6C67AA0 /* Pods */,
				D039DA7C97DEC38A4668DA3E /* Frameworks */,
			);
			sourceTree = "<group>";
		};
		CCF0A44A1B0BEEB8002F619B /* Products */ = {
			isa = PBXGroup;
			children = (
				CCF0A4491B0BEEB8002F619B /* socialCalendar.app */,
				CCF0A4621B0BEEB8002F619B /* socialCalendarTests.xctest */,
			);
			name = Products;
			sourceTree = "<group>";
		};
		CCF0A44B1B0BEEB8002F619B /* socialCalendar */ = {
			isa = PBXGroup;
			children = (
				FF39EC4C1B57517F007FA3FB /* networkManager */,
				FF39EC461B57515B007FA3FB /* BannerView */,
				FF286BD41B51BB2E00F7D166 /* SCConstants.h */,
				FF0D8AF11B369AF100E1BE2D /* socialCalendar.entitlements */,
				FF286BDA1B52272900F7D166 /* LocationManager */,
				FFDB42961B4848EE00785D6A /* expireMark */,
				FFDB42911B47B70200785D6A /* Animator */,
				FFDB42891B47B4F500785D6A /* categories */,
				FFDB42851B47B48200785D6A /* popingVC */,
				FF1BE66B1B35FC5600AF8886 /* loadingIndicator */,
				CCB5A0281B2643720050352D /* splashScreen */,
				CCDBB61A1B192490007C2E81 /* parseHandling */,
				CC81CD161B1541B80039EA60 /* model */,
				CCDB3B5F1B12FBD200A68DCB /* myEventsScene */,
				CCDB3B631B13F93C00A68DCB /* addEventScene */,
				CC579CAE1B18030200115705 /* eventDetailScene */,
				CCE344161B1BA150001FB58F /* calendarScene */,
				CCB59FE91B2031820050352D /* userListScene */,
				CCB59FF91B2118CA0050352D /* userList */,
				CCB5A0271B262AFB0050352D /* friendsInvitingScene */,
				FFB0D2EB1B58C7AD008113B9 /* myProfile */,
				CCF0A4561B0BEEB8002F619B /* Main.storyboard */,
				CCF0A4591B0BEEB8002F619B /* Images.xcassets */,
				CCF0A45B1B0BEEB8002F619B /* LaunchScreen.xib */,
				CCF0A44C1B0BEEB8002F619B /* Supporting Files */,
			);
			path = socialCalendar;
			sourceTree = "<group>";
		};
		CCF0A44C1B0BEEB8002F619B /* Supporting Files */ = {
			isa = PBXGroup;
			children = (
				DDC571271B6586F10043AC40 /* logo.png */,
				FF353DAC1B5A488300DBA4A2 /* BentonSans-Light.otf */,
				FF353DAD1B5A488300DBA4A2 /* BentonSans-Medium.otf */,
				FF353DAE1B5A488300DBA4A2 /* BentonSans-Regular.otf */,
				FF353DB71B5B253500DBA4A2 /* BentonSans-ExtraLight.otf */,
				CCB59FF41B20360A0050352D /* Plus.png */,
				CCF0A4501B0BEEB8002F619B /* AppDelegate.h */,
				CCF0A4511B0BEEB8002F619B /* AppDelegate.m */,
				CCF0A4991B0BF3F8002F619B /* PrefixHeader.pch */,
				CCF0A44D1B0BEEB8002F619B /* Info.plist */,
				CCF0A44E1B0BEEB8002F619B /* main.m */,
			);
			name = "Supporting Files";
			sourceTree = "<group>";
		};
		CCF0A4651B0BEEB8002F619B /* socialCalendarTests */ = {
			isa = PBXGroup;
			children = (
				CCF0A4681B0BEEB8002F619B /* socialCalendarTests.m */,
				CCF0A4661B0BEEB8002F619B /* Supporting Files */,
			);
			path = socialCalendarTests;
			sourceTree = "<group>";
		};
		CCF0A4661B0BEEB8002F619B /* Supporting Files */ = {
			isa = PBXGroup;
			children = (
				CCF0A4671B0BEEB8002F619B /* Info.plist */,
			);
			name = "Supporting Files";
			sourceTree = "<group>";
		};
		CCF0A4721B0BF14F002F619B /* Framework */ = {
			isa = PBXGroup;
			children = (
				CCB5A0251B2626C80050352D /* libWeChatSDK.a */,
				CCB5A01E1B25F27B0050352D /* WXApi.h */,
				CCB5A01F1B25F27B0050352D /* WXApiObject.h */,
				CCF0A4971B0BF21F002F619B /* libsqlite3.dylib */,
				CCF0A4951B0BF217002F619B /* libz.dylib */,
				CCC680E51B129FE70007DD85 /* ParseUI.framework */,
				CCF0A4931B0BF20C002F619B /* SystemConfiguration.framework */,
				CCF0A48F1B0BF1FD002F619B /* Social.framework */,
				CCF0A48D1B0BF1F2002F619B /* Security.framework */,
				CCF0A48B1B0BF1E9002F619B /* QuartzCore.framework */,
				CCF0A4891B0BF1E4002F619B /* MobileCoreServices.framework */,
				CCF0A4871B0BF1DB002F619B /* CoreLocation.framework */,
				CCF0A4851B0BF1D5002F619B /* CoreGraphics.framework */,
				CCF0A4831B0BF1CD002F619B /* CFNetwork.framework */,
				CCF0A4811B0BF1C4002F619B /* Accounts.framework */,
				CCF0A47F1B0BF176002F619B /* AudioToolbox.framework */,
				CCC680D91B129E320007DD85 /* Bolts.framework */,
				CCC680DA1B129E320007DD85 /* Parse.framework */,
			);
			name = Framework;
			sourceTree = "<group>";
		};
		D039DA7C97DEC38A4668DA3E /* Frameworks */ = {
			isa = PBXGroup;
			children = (
				FF5DC0E71B49D342006369C9 /* StoreKit.framework */,
				CCB5A0231B2625E10050352D /* libc++.1.dylib */,
				CCB5A0211B25F9240050352D /* libc++.dylib */,
				CCB5A0151B25E90C0050352D /* MessageUI.framework */,
				CCB5A0131B25DE7A0050352D /* MediaPlayer.framework */,
				CCB5A0111B25DE730050352D /* CoreText.framework */,
				CCB5A00F1B25DE5F0050352D /* CoreMotion.framework */,
				CCB5A00D1B25DE4F0050352D /* AssetsLibrary.framework */,
				CCB5A00B1B25DE460050352D /* AddressBook.framework */,
				CCE3441C1B1BB805001FB58F /* EventKitUI.framework */,
				CCE3441A1B1BB7FB001FB58F /* EventKit.framework */,
				CC81CD111B14F43B0039EA60 /* MapKit.framework */,
				E0EDD79DA0424417BCB1D051 /* libPods-socialCalendar.a */,
			);
			name = Frameworks;
			sourceTree = "<group>";
		};
		DDBFA0341B6716BE00B62C5B /* photoCropScene */ = {
			isa = PBXGroup;
			children = (
				DDC571301B65CAA00043AC40 /* TOCropLib */,
			);
			name = photoCropScene;
			path = TOCropViewController;
			sourceTree = "<group>";
		};
		DDC571291B65873E0043AC40 /* login&signup */ = {
			isa = PBXGroup;
			children = (
				DDC5712A1B65876D0043AC40 /* SCLoginViewController.h */,
				DDC5712B1B65876D0043AC40 /* SCLoginViewController.m */,
				DDC5712D1B65878C0043AC40 /* SCSignUpViewController.h */,
				DDC5712E1B65878C0043AC40 /* SCSignUpViewController.m */,
			);
			name = "login&signup";
			sourceTree = "<group>";
		};
		DDC571301B65CAA00043AC40 /* TOCropLib */ = {
			isa = PBXGroup;
			children = (
				DDC571311B65CAA00043AC40 /* TOCropViewControllerLocalizable.strings */,
				DDC5713B1B65CAA00043AC40 /* Models */,
				DDC571481B65CAA00043AC40 /* TOCropViewController.h */,
				DDC571491B65CAA00043AC40 /* TOCropViewController.m */,
				DDC5714A1B65CAA00043AC40 /* Views */,
			);
			name = TOCropLib;
			sourceTree = "<group>";
		};
		DDC5713B1B65CAA00043AC40 /* Models */ = {
			isa = PBXGroup;
			children = (
				DDC5713C1B65CAA00043AC40 /* TOActivityCroppedImageProvider.h */,
				DDC5713D1B65CAA00043AC40 /* TOActivityCroppedImageProvider.m */,
				DDC5713E1B65CAA00043AC40 /* TOCroppedImageAttributes.h */,
				DDC5713F1B65CAA00043AC40 /* TOCroppedImageAttributes.m */,
				DDC571401B65CAA00043AC40 /* TOCropViewControllerTransitioning.h */,
				DDC571411B65CAA00043AC40 /* TOCropViewControllerTransitioning.m */,
				DDC571421B65CAA00043AC40 /* UIImage+CropRotate.h */,
				DDC571431B65CAA00043AC40 /* UIImage+CropRotate.m */,
			);
			path = Models;
			sourceTree = "<group>";
		};
		DDC5714A1B65CAA00043AC40 /* Views */ = {
			isa = PBXGroup;
			children = (
				DDC5714B1B65CAA00043AC40 /* TOCropOverlayView.h */,
				DDC5714C1B65CAA00043AC40 /* TOCropOverlayView.m */,
				DDC5714D1B65CAA00043AC40 /* TOCropScrollView.h */,
				DDC5714E1B65CAA00043AC40 /* TOCropScrollView.m */,
				DDC5714F1B65CAA00043AC40 /* TOCropToolbar.h */,
				DDC571501B65CAA00043AC40 /* TOCropToolbar.m */,
				DDC571511B65CAA00043AC40 /* TOCropView.h */,
				DDC571521B65CAA00043AC40 /* TOCropView.m */,
			);
			path = Views;
			sourceTree = "<group>";
		};
		DDC571751B65E9CE0043AC40 /* SCPodElements */ = {
			isa = PBXGroup;
			children = (
				DDC5716C1B65E7C10043AC40 /* CSSectionHeader.h */,
				DDC5716D1B65E7C10043AC40 /* CSSectionHeader.m */,
			);
			name = SCPodElements;
			sourceTree = "<group>";
		};
		DDC571761B65E9EF0043AC40 /* regionSelection */ = {
			isa = PBXGroup;
			children = (
				FF353DCC1B5C4DF300DBA4A2 /* Region.storyboard */,
				FF353DCE1B5C608900DBA4A2 /* regionSelectionTableViewController.h */,
				FF353DCF1B5C608900DBA4A2 /* regionSelectionTableViewController.m */,
			);
			name = regionSelection;
			sourceTree = "<group>";
		};
		FF1BE66B1B35FC5600AF8886 /* loadingIndicator */ = {
			isa = PBXGroup;
			children = (
				FF353D9C1B5A1B7800DBA4A2 /* SVProgressHUD */,
				FF1BE66C1B35FC7600AF8886 /* ProgressHUD.h */,
				FF1BE66D1B35FC7600AF8886 /* ProgressHUD.m */,
			);
			name = loadingIndicator;
			sourceTree = "<group>";
		};
		FF286BDA1B52272900F7D166 /* LocationManager */ = {
			isa = PBXGroup;
			children = (
				FF286BDB1B52273E00F7D166 /* SCLocationManager.h */,
				FF286BDC1B52273E00F7D166 /* SCLocationManager.m */,
			);
			name = LocationManager;
			path = ..;
			sourceTree = "<group>";
		};
		FF353D9C1B5A1B7800DBA4A2 /* SVProgressHUD */ = {
			isa = PBXGroup;
			children = (
				FF353D9D1B5A1B7800DBA4A2 /* SVIndefiniteAnimatedView.h */,
				FF353D9E1B5A1B7800DBA4A2 /* SVIndefiniteAnimatedView.m */,
				FF353D9F1B5A1B7800DBA4A2 /* SVProgressHUD-Prefix.pch */,
				FF353DA01B5A1B7800DBA4A2 /* SVProgressHUD.bundle */,
				FF353DA11B5A1B7800DBA4A2 /* SVProgressHUD.h */,
				FF353DA21B5A1B7800DBA4A2 /* SVProgressHUD.m */,
			);
			path = SVProgressHUD;
			sourceTree = "<group>";
		};
		FF353DA61B5A290200DBA4A2 /* profileCells */ = {
			isa = PBXGroup;
			children = (
				FFC5B1C41B65562900A72286 /* SCTextSwitchCollectionViewCell.xib */,
				FFC5B1C51B65562900A72286 /* SCTextSwitchCollectionViewCell.h */,
				FFC5B1C61B65562900A72286 /* SCTextSwitchCollectionViewCell.m */,
				FF353DA71B5A296600DBA4A2 /* SCProfileInfoCell.h */,
				FF353DA81B5A296600DBA4A2 /* SCProfileInfoCell.m */,
				FF353DA91B5A296600DBA4A2 /* SCProfileInfoCell.xib */,
			);
			name = profileCells;
			sourceTree = "<group>";
		};
		FF39EC461B57515B007FA3FB /* BannerView */ = {
			isa = PBXGroup;
			children = (
				FF39EC471B57516B007FA3FB /* LPBannerView.xib */,
				FF39EC481B57516B007FA3FB /* LPBannerView.h */,
				FF39EC491B57516B007FA3FB /* LPBannerView.m */,
			);
			name = BannerView;
			sourceTree = "<group>";
		};
		FF39EC4C1B57517F007FA3FB /* networkManager */ = {
			isa = PBXGroup;
			children = (
				FF39EC4D1B575190007FA3FB /* LPNetworkingManager.h */,
				FF39EC4E1B575190007FA3FB /* LPNetworkingManager.m */,
			);
			name = networkManager;
			sourceTree = "<group>";
		};
		FFB0D2EB1B58C7AD008113B9 /* myProfile */ = {
			isa = PBXGroup;
			children = (
				FF353DC61B5C30FB00DBA4A2 /* SCAlertViewDataController.h */,
				FF353DC71B5C30FB00DBA4A2 /* SCAlertViewDataController.m */,
				DDC571761B65E9EF0043AC40 /* regionSelection */,
				DDBFA0341B6716BE00B62C5B /* photoCropScene */,
				FF353DA61B5A290200DBA4A2 /* profileCells */,
				DDC571751B65E9CE0043AC40 /* SCPodElements */,
				DDC571701B65E8BA0043AC40 /* profileHeader.h */,
				DDC571711B65E8BA0043AC40 /* profileHeader.m */,
				DDC571721B65E8BA0043AC40 /* profileHeader.xib */,
				DDC571671B65E6280043AC40 /* profileViewController.h */,
				DDC571681B65E6280043AC40 /* profileViewController.m */,
			);
			name = myProfile;
			path = ..;
			sourceTree = "<group>";
		};
		FFDB42851B47B48200785D6A /* popingVC */ = {
			isa = PBXGroup;
			children = (
				FFDB42861B47B49900785D6A /* popingViewController.h */,
				FFDB42871B47B49900785D6A /* popingViewController.m */,
			);
			name = popingVC;
			sourceTree = "<group>";
		};
		FFDB42891B47B4F500785D6A /* categories */ = {
			isa = PBXGroup;
			children = (
				FF353DB41B5B0FAA00DBA4A2 /* UIFont+OpenForum.h */,
				FF353DB51B5B0FAA00DBA4A2 /* UIFont+OpenForum.m */,
				FF39EC501B5751B9007FA3FB /* UIView+LoadNib.h */,
				FF39EC511B5751B9007FA3FB /* UIView+LoadNib.m */,
				FFDB428A1B47B50200785D6A /* UIColor+CustomColors.h */,
				FFDB428B1B47B50200785D6A /* UIColor+CustomColors.m */,
				FFC5B1C11B63517400A72286 /* UITabBarController+TabBarVisibility.h */,
				FFC5B1C21B63517400A72286 /* UITabBarController+TabBarVisibility.m */,
			);
			name = categories;
			sourceTree = "<group>";
		};
		FFDB428D1B47B6CB00785D6A /* PresentingAnimator */ = {
			isa = PBXGroup;
			children = (
				FFDB428E1B47B6DC00785D6A /* PresentingAnimator.h */,
				FFDB428F1B47B6DC00785D6A /* PresentingAnimator.m */,
			);
			name = PresentingAnimator;
			sourceTree = "<group>";
		};
		FFDB42911B47B70200785D6A /* Animator */ = {
			isa = PBXGroup;
			children = (
				FFDB42921B47B70E00785D6A /* DismissingAnimator */,
				FFDB428D1B47B6CB00785D6A /* PresentingAnimator */,
			);
			name = Animator;
			sourceTree = "<group>";
		};
		FFDB42921B47B70E00785D6A /* DismissingAnimator */ = {
			isa = PBXGroup;
			children = (
				FFDB42931B47B71F00785D6A /* DismissingAnimator.h */,
				FFDB42941B47B71F00785D6A /* DismissingAnimator.m */,
			);
			name = DismissingAnimator;
			sourceTree = "<group>";
		};
		FFDB42961B4848EE00785D6A /* expireMark */ = {
			isa = PBXGroup;
			children = (
				FFDB42971B48491D00785D6A /* expireMarkingView.h */,
				FFDB42981B48491D00785D6A /* expireMarkingView.m */,
			);
			name = expireMark;
			sourceTree = "<group>";
		};
		FFF2B9B71B4B30550039F9BB /* eventDetailCell */ = {
			isa = PBXGroup;
			children = (
				FF286BCA1B51B51C00F7D166 /* SCEventNameTableViewCell.h */,
				FF286BCB1B51B51C00F7D166 /* SCEventNameTableViewCell.m */,
				FF286BCC1B51B51C00F7D166 /* SCEventNameTableViewCell.xib */,
				FF286BCD1B51B51C00F7D166 /* SCEventAddressTableViewCell.h */,
				FF286BCE1B51B51C00F7D166 /* SCEventAddressTableViewCell.m */,
				FF286BCF1B51B51C00F7D166 /* SCEventAddressTableViewCell.xib */,
				FFFB6E3B1B55FB1E00409BCE /* SCEventHourCell.h */,
				FFFB6E3C1B55FB1E00409BCE /* SCEventHourCell.m */,
				FFFB6E451B561FE300409BCE /* SCEventHourCell.xib */,
				FFFB6E3E1B55FB1E00409BCE /* SCEventHoursTableViewCell.h */,
				FFFB6E3F1B55FB1E00409BCE /* SCEventHoursTableViewCell.m */,
				FFFB6E401B55FB1E00409BCE /* SCEventHoursTableViewCell.xib */,
			);
			name = eventDetailCell;
			sourceTree = "<group>";
		};
/* End PBXGroup section */

/* Begin PBXNativeTarget section */
		CCF0A4481B0BEEB8002F619B /* socialCalendar */ = {
			isa = PBXNativeTarget;
			buildConfigurationList = CCF0A46C1B0BEEB8002F619B /* Build configuration list for PBXNativeTarget "socialCalendar" */;
			buildPhases = (
				40B81F2CCFCDE7EB8019A568 /* Check Pods Manifest.lock */,
				CCF0A4451B0BEEB8002F619B /* Sources */,
				CCF0A4461B0BEEB8002F619B /* Frameworks */,
				CCF0A4471B0BEEB8002F619B /* Resources */,
				8B672C6CE7CFA21080C908DD /* Copy Pods Resources */,
			);
			buildRules = (
			);
			dependencies = (
			);
			name = socialCalendar;
			productName = socialCalendar;
			productReference = CCF0A4491B0BEEB8002F619B /* socialCalendar.app */;
			productType = "com.apple.product-type.application";
		};
		CCF0A4611B0BEEB8002F619B /* socialCalendarTests */ = {
			isa = PBXNativeTarget;
			buildConfigurationList = CCF0A46F1B0BEEB8002F619B /* Build configuration list for PBXNativeTarget "socialCalendarTests" */;
			buildPhases = (
				CCF0A45E1B0BEEB8002F619B /* Sources */,
				CCF0A45F1B0BEEB8002F619B /* Frameworks */,
				CCF0A4601B0BEEB8002F619B /* Resources */,
			);
			buildRules = (
			);
			dependencies = (
				CCF0A4641B0BEEB8002F619B /* PBXTargetDependency */,
			);
			name = socialCalendarTests;
			productName = socialCalendarTests;
			productReference = CCF0A4621B0BEEB8002F619B /* socialCalendarTests.xctest */;
			productType = "com.apple.product-type.bundle.unit-test";
		};
/* End PBXNativeTarget section */

/* Begin PBXProject section */
		CCF0A4411B0BEEB8002F619B /* Project object */ = {
			isa = PBXProject;
			attributes = {
				LastSwiftUpdateCheck = 0700;
				LastUpgradeCheck = 0630;
				ORGANIZATIONNAME = "Yifan Xiao";
				TargetAttributes = {
					CCF0A4481B0BEEB8002F619B = {
						CreatedOnToolsVersion = 6.3;
						DevelopmentTeam = 4NPA9YHQ69;
						SystemCapabilities = {
							com.apple.BackgroundModes = {
								enabled = 1;
							};
							com.apple.InAppPurchase = {
								enabled = 0;
							};
							com.apple.InterAppAudio = {
								enabled = 1;
							};
							com.apple.Maps.iOS = {
								enabled = 1;
							};
						};
					};
					CCF0A4611B0BEEB8002F619B = {
						CreatedOnToolsVersion = 6.3;
						DevelopmentTeam = 4NPA9YHQ69;
						TestTargetID = CCF0A4481B0BEEB8002F619B;
					};
				};
			};
			buildConfigurationList = CCF0A4441B0BEEB8002F619B /* Build configuration list for PBXProject "socialCalendar" */;
			compatibilityVersion = "Xcode 3.2";
			developmentRegion = English;
			hasScannedForEncodings = 0;
			knownRegions = (
				en,
				Base,
				de,
				es,
				fr,
				id,
				it,
				ja,
				ko,
				nl,
				pl,
				pt,
				ru,
				"zh-Hans",
				"zh-Hant",
			);
			mainGroup = CCF0A4401B0BEEB8002F619B;
			productRefGroup = CCF0A44A1B0BEEB8002F619B /* Products */;
			projectDirPath = "";
			projectRoot = "";
			targets = (
				CCF0A4481B0BEEB8002F619B /* socialCalendar */,
				CCF0A4611B0BEEB8002F619B /* socialCalendarTests */,
			);
		};
/* End PBXProject section */

/* Begin PBXResourcesBuildPhase section */
		CCF0A4471B0BEEB8002F619B /* Resources */ = {
			isa = PBXResourcesBuildPhase;
			buildActionMask = 2147483647;
			files = (
				FFFB6E441B55FB1E00409BCE /* SCEventHoursTableViewCell.xib in Resources */,
				FF353DAB1B5A296600DBA4A2 /* SCProfileInfoCell.xib in Resources */,
				FF286BD31B51B51C00F7D166 /* SCEventAddressTableViewCell.xib in Resources */,
				CCF0A4581B0BEEB8002F619B /* Main.storyboard in Resources */,
				CCF0A45D1B0BEEB8002F619B /* LaunchScreen.xib in Resources */,
				FF353DCD1B5C4DF300DBA4A2 /* Region.storyboard in Resources */,
				FFC5B1C71B65562900A72286 /* SCTextSwitchCollectionViewCell.xib in Resources */,
				DDC571551B65CAA00043AC40 /* TOCropViewControllerLocalizable.strings in Resources */,
				FF286BD11B51B51C00F7D166 /* SCEventNameTableViewCell.xib in Resources */,
				DDC571741B65E8BA0043AC40 /* profileHeader.xib in Resources */,
				FFFB6E461B561FE300409BCE /* SCEventHourCell.xib in Resources */,
				FF39EC4A1B57516B007FA3FB /* LPBannerView.xib in Resources */,
				CCB59FF51B20360A0050352D /* Plus.png in Resources */,
				DDC571281B6586F10043AC40 /* logo.png in Resources */,
				CCF0A45A1B0BEEB8002F619B /* Images.xcassets in Resources */,
				FFF2B9B31B4B1CEE0039F9BB /* eventDetail.storyboard in Resources */,
				FF353DA41B5A1B7800DBA4A2 /* SVProgressHUD.bundle in Resources */,
			);
			runOnlyForDeploymentPostprocessing = 0;
		};
		CCF0A4601B0BEEB8002F619B /* Resources */ = {
			isa = PBXResourcesBuildPhase;
			buildActionMask = 2147483647;
			files = (
			);
			runOnlyForDeploymentPostprocessing = 0;
		};
/* End PBXResourcesBuildPhase section */

/* Begin PBXShellScriptBuildPhase section */
		40B81F2CCFCDE7EB8019A568 /* Check Pods Manifest.lock */ = {
			isa = PBXShellScriptBuildPhase;
			buildActionMask = 2147483647;
			files = (
			);
			inputPaths = (
			);
			name = "Check Pods Manifest.lock";
			outputPaths = (
			);
			runOnlyForDeploymentPostprocessing = 0;
			shellPath = /bin/sh;
			shellScript = "diff \"${PODS_ROOT}/../Podfile.lock\" \"${PODS_ROOT}/Manifest.lock\" > /dev/null\nif [[ $? != 0 ]] ; then\n    cat << EOM\nerror: The sandbox is not in sync with the Podfile.lock. Run 'pod install' or update your CocoaPods installation.\nEOM\n    exit 1\nfi\n";
			showEnvVarsInLog = 0;
		};
		8B672C6CE7CFA21080C908DD /* Copy Pods Resources */ = {
			isa = PBXShellScriptBuildPhase;
			buildActionMask = 2147483647;
			files = (
			);
			inputPaths = (
			);
			name = "Copy Pods Resources";
			outputPaths = (
			);
			runOnlyForDeploymentPostprocessing = 0;
			shellPath = /bin/sh;
			shellScript = "\"${SRCROOT}/Pods/Target Support Files/Pods-socialCalendar/Pods-socialCalendar-resources.sh\"\n";
			showEnvVarsInLog = 0;
		};
/* End PBXShellScriptBuildPhase section */

/* Begin PBXSourcesBuildPhase section */
		CCF0A4451B0BEEB8002F619B /* Sources */ = {
			isa = PBXSourcesBuildPhase;
			buildActionMask = 2147483647;
			files = (
				CCB59FF81B20F4A90050352D /* userTableViewCell.m in Sources */,
				FF353DC81B5C30FB00DBA4A2 /* SCAlertViewDataController.m in Sources */,
				FF353DAA1B5A296600DBA4A2 /* SCProfileInfoCell.m in Sources */,
				CCB5A02E1B2643BC0050352D /* RMParallaxItem.swift in Sources */,
				FF39EC4B1B57516B007FA3FB /* LPBannerView.m in Sources */,
				DDC571581B65CAA00043AC40 /* TOCropViewControllerTransitioning.m in Sources */,
				FF286BC91B51A7C600F7D166 /* eventDetailDataController.m in Sources */,
				FF39EC4F1B575190007FA3FB /* LPNetworkingManager.m in Sources */,
				FFDB42951B47B71F00785D6A /* DismissingAnimator.m in Sources */,
				CCDB3B621B12FC3200A68DCB /* eventViewCell.m in Sources */,
				FF39EC521B5751B9007FA3FB /* UIView+LoadNib.m in Sources */,
				CCC680D21B129A620007DD85 /* calendarController.m in Sources */,
				CCB59FEF1B2031E40050352D /* FacebookStyleBar.m in Sources */,
				FFDB42901B47B6DC00785D6A /* PresentingAnimator.m in Sources */,
				DDC5715E1B65CAA00043AC40 /* TOCropView.m in Sources */,
				DDC571691B65E6280043AC40 /* profileViewController.m in Sources */,
				FF353DD01B5C608900DBA4A2 /* regionSelectionTableViewController.m in Sources */,
				FFC5B1C81B65562900A72286 /* SCTextSwitchCollectionViewCell.m in Sources */,
				DDC5716F1B65E7C10043AC40 /* CSSectionHeader.m in Sources */,
				DDC571561B65CAA00043AC40 /* TOActivityCroppedImageProvider.m in Sources */,
				DDC5715C1B65CAA00043AC40 /* TOCropScrollView.m in Sources */,
				FFF2B9B61B4B2CB10039F9BB /* SCEventInfoViewController.m in Sources */,
				DDC5715B1B65CAA00043AC40 /* TOCropOverlayView.m in Sources */,
				FFC5B1C31B63517400A72286 /* UITabBarController+TabBarVisibility.m in Sources */,
				FFDB42991B48491D00785D6A /* expireMarkingView.m in Sources */,
				DDC5712C1B65876D0043AC40 /* SCLoginViewController.m in Sources */,
				CCB5A02F1B2643BC0050352D /* RMParallax.swift in Sources */,
				DDC5712F1B65878C0043AC40 /* SCSignUpViewController.m in Sources */,
				CCB59FEE1B2031E40050352D /* FacebookStyleViewController.m in Sources */,
				CCB59FFF1B212CE20050352D /* listTableViewCell.m in Sources */,
				DDC5715A1B65CAA00043AC40 /* TOCropViewController.m in Sources */,
				FF286BD21B51B51C00F7D166 /* SCEventAddressTableViewCell.m in Sources */,
				CCE344191B1BB02B001FB58F /* calendarTableViewCell.m in Sources */,
				FF286BD01B51B51C00F7D166 /* SCEventNameTableViewCell.m in Sources */,
				FF286BE31B522A1A00F7D166 /* SCEventMapController.m in Sources */,
				FF1BE66E1B35FC7600AF8886 /* ProgressHUD.m in Sources */,
				CCB59FFC1B2119010050352D /* userTableViewController.m in Sources */,
				CCDBB61D1B1924D4007C2E81 /* ParsingHandle.m in Sources */,
				FF353DA51B5A1B7800DBA4A2 /* SVProgressHUD.m in Sources */,
				FFDB428C1B47B50200785D6A /* UIColor+CustomColors.m in Sources */,
				CCDB3B6E1B13FFCC00A68DCB /* addEventTableViewController.m in Sources */,
				DDC571591B65CAA00043AC40 /* UIImage+CropRotate.m in Sources */,
				DDC5715D1B65CAA00043AC40 /* TOCropToolbar.m in Sources */,
				FF353DB61B5B0FAA00DBA4A2 /* UIFont+OpenForum.m in Sources */,
				CCB5A02D1B2643BC0050352D /* ViewController.swift in Sources */,
				CC81CD151B1535330039EA60 /* KLCPopup.m in Sources */,
				DDC571731B65E8BA0043AC40 /* profileHeader.m in Sources */,
				CCB5A0061B2558E80050352D /* friendsPickingTableViewController.m in Sources */,
				FF286BDD1B52273E00F7D166 /* SCLocationManager.m in Sources */,
				FFFB6E431B55FB1E00409BCE /* SCEventHoursTableViewCell.m in Sources */,
				FFC5B1CB1B6562FF00A72286 /* SCHelperMethods.m in Sources */,
				CCF0A4521B0BEEB8002F619B /* AppDelegate.m in Sources */,
				CC81CD191B1541E00039EA60 /* eventObject.m in Sources */,
				CC81CD0D1B1448A00039EA60 /* mapViewController.m in Sources */,
				FFDB42881B47B49900785D6A /* popingViewController.m in Sources */,
				FF353DA31B5A1B7800DBA4A2 /* SVIndefiniteAnimatedView.m in Sources */,
				DDC571571B65CAA00043AC40 /* TOCroppedImageAttributes.m in Sources */,
				CCF0A44F1B0BEEB8002F619B /* main.m in Sources */,
				CC81CD101B1448FD0039EA60 /* MyLocation.m in Sources */,
				FFFB6E411B55FB1E00409BCE /* SCEventHourCell.m in Sources */,
				CCC680E91B12CA430007DD85 /* eventsViewController.m in Sources */,
			);
			runOnlyForDeploymentPostprocessing = 0;
		};
		CCF0A45E1B0BEEB8002F619B /* Sources */ = {
			isa = PBXSourcesBuildPhase;
			buildActionMask = 2147483647;
			files = (
				CCF0A4691B0BEEB8002F619B /* socialCalendarTests.m in Sources */,
			);
			runOnlyForDeploymentPostprocessing = 0;
		};
/* End PBXSourcesBuildPhase section */

/* Begin PBXTargetDependency section */
		CCF0A4641B0BEEB8002F619B /* PBXTargetDependency */ = {
			isa = PBXTargetDependency;
			target = CCF0A4481B0BEEB8002F619B /* socialCalendar */;
			targetProxy = CCF0A4631B0BEEB8002F619B /* PBXContainerItemProxy */;
		};
/* End PBXTargetDependency section */

/* Begin PBXVariantGroup section */
		CCF0A4561B0BEEB8002F619B /* Main.storyboard */ = {
			isa = PBXVariantGroup;
			children = (
				CCF0A4571B0BEEB8002F619B /* Base */,
			);
			name = Main.storyboard;
			sourceTree = "<group>";
		};
		CCF0A45B1B0BEEB8002F619B /* LaunchScreen.xib */ = {
			isa = PBXVariantGroup;
			children = (
				CCF0A45C1B0BEEB8002F619B /* Base */,
			);
			name = LaunchScreen.xib;
			sourceTree = "<group>";
		};
		DDC571311B65CAA00043AC40 /* TOCropViewControllerLocalizable.strings */ = {
			isa = PBXVariantGroup;
			children = (
				DDC571321B65CAA00043AC40 /* Base */,
				DDC571331B65CAA00043AC40 /* de */,
				DDC571341B65CAA00043AC40 /* en */,
				DDC571351B65CAA00043AC40 /* es */,
				DDC571361B65CAA00043AC40 /* fr */,
				DDC571371B65CAA00043AC40 /* id */,
				DDC571381B65CAA00043AC40 /* it */,
				DDC571391B65CAA00043AC40 /* ja */,
				DDC5713A1B65CAA00043AC40 /* ko */,
				DDC571441B65CAA00043AC40 /* nl */,
				DDC571451B65CAA00043AC40 /* pl */,
				DDC571461B65CAA00043AC40 /* pt */,
				DDC571471B65CAA00043AC40 /* ru */,
				DDC571531B65CAA00043AC40 /* zh-Hans */,
				DDC571541B65CAA00043AC40 /* zh-Hant */,
			);
			name = TOCropViewControllerLocalizable.strings;
			sourceTree = "<group>";
		};
/* End PBXVariantGroup section */

/* Begin XCBuildConfiguration section */
		CCF0A46A1B0BEEB8002F619B /* Debug */ = {
			isa = XCBuildConfiguration;
			buildSettings = {
				ALWAYS_SEARCH_USER_PATHS = NO;
				CLANG_CXX_LANGUAGE_STANDARD = "gnu++0x";
				CLANG_CXX_LIBRARY = "libc++";
				CLANG_ENABLE_MODULES = YES;
				CLANG_ENABLE_OBJC_ARC = YES;
				CLANG_WARN_BOOL_CONVERSION = YES;
				CLANG_WARN_CONSTANT_CONVERSION = YES;
				CLANG_WARN_DIRECT_OBJC_ISA_USAGE = YES_ERROR;
				CLANG_WARN_EMPTY_BODY = YES;
				CLANG_WARN_ENUM_CONVERSION = YES;
				CLANG_WARN_INT_CONVERSION = YES;
				CLANG_WARN_OBJC_ROOT_CLASS = YES_ERROR;
				CLANG_WARN_UNREACHABLE_CODE = YES;
				CLANG_WARN__DUPLICATE_METHOD_MATCH = YES;
				CODE_SIGN_IDENTITY = "iPhone Developer: Yifan Xiao (75YSC2B5TC)";
				"CODE_SIGN_IDENTITY[sdk=iphoneos*]" = "iPhone Developer: Yifan Xiao (75YSC2B5TC)";
				COPY_PHASE_STRIP = NO;
				DEBUG_INFORMATION_FORMAT = "dwarf-with-dsym";
				ENABLE_STRICT_OBJC_MSGSEND = YES;
				GCC_C_LANGUAGE_STANDARD = gnu99;
				GCC_DYNAMIC_NO_PIC = NO;
				GCC_NO_COMMON_BLOCKS = YES;
				GCC_OPTIMIZATION_LEVEL = 0;
				GCC_PREPROCESSOR_DEFINITIONS = (
					"DEBUG=1",
					"$(inherited)",
				);
				GCC_SYMBOLS_PRIVATE_EXTERN = NO;
				GCC_WARN_64_TO_32_BIT_CONVERSION = YES;
				GCC_WARN_ABOUT_RETURN_TYPE = YES_ERROR;
				GCC_WARN_UNDECLARED_SELECTOR = YES;
				GCC_WARN_UNINITIALIZED_AUTOS = YES_AGGRESSIVE;
				GCC_WARN_UNUSED_FUNCTION = YES;
				GCC_WARN_UNUSED_VARIABLE = YES;
				IPHONEOS_DEPLOYMENT_TARGET = 8.3;
				MTL_ENABLE_DEBUG_INFO = YES;
				ONLY_ACTIVE_ARCH = YES;
				SDKROOT = iphoneos;
			};
			name = Debug;
		};
		CCF0A46B1B0BEEB8002F619B /* Release */ = {
			isa = XCBuildConfiguration;
			buildSettings = {
				ALWAYS_SEARCH_USER_PATHS = NO;
				CLANG_CXX_LANGUAGE_STANDARD = "gnu++0x";
				CLANG_CXX_LIBRARY = "libc++";
				CLANG_ENABLE_MODULES = YES;
				CLANG_ENABLE_OBJC_ARC = YES;
				CLANG_WARN_BOOL_CONVERSION = YES;
				CLANG_WARN_CONSTANT_CONVERSION = YES;
				CLANG_WARN_DIRECT_OBJC_ISA_USAGE = YES_ERROR;
				CLANG_WARN_EMPTY_BODY = YES;
				CLANG_WARN_ENUM_CONVERSION = YES;
				CLANG_WARN_INT_CONVERSION = YES;
				CLANG_WARN_OBJC_ROOT_CLASS = YES_ERROR;
				CLANG_WARN_UNREACHABLE_CODE = YES;
				CLANG_WARN__DUPLICATE_METHOD_MATCH = YES;
				CODE_SIGN_IDENTITY = "iPhone Developer: Yifan Xiao (75YSC2B5TC)";
				"CODE_SIGN_IDENTITY[sdk=iphoneos*]" = "iPhone Developer: Yifan Xiao (75YSC2B5TC)";
				COPY_PHASE_STRIP = NO;
				DEBUG_INFORMATION_FORMAT = "dwarf-with-dsym";
				ENABLE_NS_ASSERTIONS = NO;
				ENABLE_STRICT_OBJC_MSGSEND = YES;
				GCC_C_LANGUAGE_STANDARD = gnu99;
				GCC_NO_COMMON_BLOCKS = YES;
				GCC_WARN_64_TO_32_BIT_CONVERSION = YES;
				GCC_WARN_ABOUT_RETURN_TYPE = YES_ERROR;
				GCC_WARN_UNDECLARED_SELECTOR = YES;
				GCC_WARN_UNINITIALIZED_AUTOS = YES_AGGRESSIVE;
				GCC_WARN_UNUSED_FUNCTION = YES;
				GCC_WARN_UNUSED_VARIABLE = YES;
				IPHONEOS_DEPLOYMENT_TARGET = 8.3;
				MTL_ENABLE_DEBUG_INFO = NO;
				SDKROOT = iphoneos;
				VALIDATE_PRODUCT = YES;
			};
			name = Release;
		};
		CCF0A46D1B0BEEB8002F619B /* Debug */ = {
			isa = XCBuildConfiguration;
			baseConfigurationReference = 30F1B6E1F8520A242EE2DB5A /* Pods-socialCalendar.debug.xcconfig */;
			buildSettings = {
				ASSETCATALOG_COMPILER_APPICON_NAME = AppIcon;
				CLANG_ENABLE_MODULES = YES;
				CODE_SIGN_ENTITLEMENTS = socialCalendar/socialCalendar.entitlements;
				CODE_SIGN_IDENTITY = "iPhone Developer";
				"CODE_SIGN_IDENTITY[sdk=iphoneos*]" = "iPhone Developer";
				FRAMEWORK_SEARCH_PATHS = (
					"$(inherited)",
					"$(PROJECT_DIR)",
				);
				GCC_PRECOMPILE_PREFIX_HEADER = YES;
				GCC_PREFIX_HEADER = socialCalendar/PrefixHeader.pch;
				INFOPLIST_FILE = socialCalendar/Info.plist;
				IPHONEOS_DEPLOYMENT_TARGET = 8.3;
				LD_RUNPATH_SEARCH_PATHS = "$(inherited) @executable_path/Frameworks";
				LIBRARY_SEARCH_PATHS = (
					"$(inherited)",
					"$(PROJECT_DIR)",
				);
				PRODUCT_NAME = "$(TARGET_NAME)";
				PROVISIONING_PROFILE = "";
				SWIFT_OBJC_BRIDGING_HEADER = "socialCalendar/socialCalendar-Bridging-Header.h";
				SWIFT_OPTIMIZATION_LEVEL = "-Onone";
			};
			name = Debug;
		};
		CCF0A46E1B0BEEB8002F619B /* Release */ = {
			isa = XCBuildConfiguration;
			baseConfigurationReference = 008107CB8CF00338DC111110 /* Pods-socialCalendar.release.xcconfig */;
			buildSettings = {
				ASSETCATALOG_COMPILER_APPICON_NAME = AppIcon;
				CLANG_ENABLE_MODULES = YES;
				CODE_SIGN_ENTITLEMENTS = socialCalendar/socialCalendar.entitlements;
				CODE_SIGN_IDENTITY = "iPhone Developer";
				"CODE_SIGN_IDENTITY[sdk=iphoneos*]" = "iPhone Developer";
				FRAMEWORK_SEARCH_PATHS = (
					"$(inherited)",
					"$(PROJECT_DIR)",
				);
				GCC_PRECOMPILE_PREFIX_HEADER = YES;
				GCC_PREFIX_HEADER = socialCalendar/PrefixHeader.pch;
				INFOPLIST_FILE = socialCalendar/Info.plist;
				IPHONEOS_DEPLOYMENT_TARGET = 8.3;
				LD_RUNPATH_SEARCH_PATHS = "$(inherited) @executable_path/Frameworks";
				LIBRARY_SEARCH_PATHS = (
					"$(inherited)",
					"$(PROJECT_DIR)",
				);
				PRODUCT_NAME = "$(TARGET_NAME)";
				PROVISIONING_PROFILE = "";
				SWIFT_OBJC_BRIDGING_HEADER = "socialCalendar/socialCalendar-Bridging-Header.h";
			};
			name = Release;
		};
		CCF0A4701B0BEEB8002F619B /* Debug */ = {
			isa = XCBuildConfiguration;
			buildSettings = {
				BUNDLE_LOADER = "$(TEST_HOST)";
				CODE_SIGN_IDENTITY = "iPhone Developer";
				"CODE_SIGN_IDENTITY[sdk=iphoneos*]" = "iPhone Developer";
				FRAMEWORK_SEARCH_PATHS = (
					"$(SDKROOT)/Developer/Library/Frameworks",
					"$(inherited)",
				);
				GCC_PREPROCESSOR_DEFINITIONS = (
					"DEBUG=1",
					"$(inherited)",
				);
				INFOPLIST_FILE = socialCalendarTests/Info.plist;
				LD_RUNPATH_SEARCH_PATHS = "$(inherited) @executable_path/Frameworks @loader_path/Frameworks";
				PRODUCT_NAME = "$(TARGET_NAME)";
				PROVISIONING_PROFILE = "";
				TEST_HOST = "$(BUILT_PRODUCTS_DIR)/socialCalendar.app/socialCalendar";
			};
			name = Debug;
		};
		CCF0A4711B0BEEB8002F619B /* Release */ = {
			isa = XCBuildConfiguration;
			buildSettings = {
				BUNDLE_LOADER = "$(TEST_HOST)";
				CODE_SIGN_IDENTITY = "iPhone Developer";
				"CODE_SIGN_IDENTITY[sdk=iphoneos*]" = "iPhone Developer";
				FRAMEWORK_SEARCH_PATHS = (
					"$(SDKROOT)/Developer/Library/Frameworks",
					"$(inherited)",
				);
				INFOPLIST_FILE = socialCalendarTests/Info.plist;
				LD_RUNPATH_SEARCH_PATHS = "$(inherited) @executable_path/Frameworks @loader_path/Frameworks";
				PRODUCT_NAME = "$(TARGET_NAME)";
				PROVISIONING_PROFILE = "";
				TEST_HOST = "$(BUILT_PRODUCTS_DIR)/socialCalendar.app/socialCalendar";
			};
			name = Release;
		};
/* End XCBuildConfiguration section */

/* Begin XCConfigurationList section */
		CCF0A4441B0BEEB8002F619B /* Build configuration list for PBXProject "socialCalendar" */ = {
			isa = XCConfigurationList;
			buildConfigurations = (
				CCF0A46A1B0BEEB8002F619B /* Debug */,
				CCF0A46B1B0BEEB8002F619B /* Release */,
			);
			defaultConfigurationIsVisible = 0;
			defaultConfigurationName = Release;
		};
		CCF0A46C1B0BEEB8002F619B /* Build configuration list for PBXNativeTarget "socialCalendar" */ = {
			isa = XCConfigurationList;
			buildConfigurations = (
				CCF0A46D1B0BEEB8002F619B /* Debug */,
				CCF0A46E1B0BEEB8002F619B /* Release */,
			);
			defaultConfigurationIsVisible = 0;
			defaultConfigurationName = Release;
		};
		CCF0A46F1B0BEEB8002F619B /* Build configuration list for PBXNativeTarget "socialCalendarTests" */ = {
			isa = XCConfigurationList;
			buildConfigurations = (
				CCF0A4701B0BEEB8002F619B /* Debug */,
				CCF0A4711B0BEEB8002F619B /* Release */,
			);
			defaultConfigurationIsVisible = 0;
			defaultConfigurationName = Release;
		};
/* End XCConfigurationList section */
	};
	rootObject = CCF0A4411B0BEEB8002F619B /* Project object */;
}
